{"SurveyEntry":{"SurveyID":"SV_1RmaDrz4BIKXoOO","SurveyName":"BDS 5010 Project","SurveyDescription":null,"SurveyOwnerID":"UR_0uhh6U4upKDjyaG","SurveyBrandID":"wharton","DivisionID":null,"SurveyLanguage":"EN","SurveyActiveResponseSet":"RS_eLrFIL2wVbkvosC","SurveyStatus":"Active","SurveyStartDate":"0000-00-00 00:00:00","SurveyExpirationDate":"0000-00-00 00:00:00","SurveyCreationDate":"2024-10-26 14:17:15","CreatorID":"UR_0uhh6U4upKDjyaG","LastModified":"2024-11-25 16:18:43","LastAccessed":"0000-00-00 00:00:00","LastActivated":"2024-10-27 17:32:49","Deleted":null},"SurveyElements":[{"SurveyID":"SV_1RmaDrz4BIKXoOO","Element":"BL","PrimaryAttribute":"Survey Blocks","SecondaryAttribute":null,"TertiaryAttribute":null,"Payload":{"0":{"Type":"Default","Description":"Introduction","ID":"BL_a8J7Li9Fo6zagvk","BlockElements":[{"Type":"Question","QuestionID":"QID1"},{"Type":"Question","QuestionID":"QID2"},{"Type":"Question","QuestionID":"QID3"},{"Type":"Page Break"},{"Type":"Question","QuestionID":"QID4"}],"Options":{"BlockLocking":"false","RandomizeQuestions":"false","BlockVisibility":"Collapsed"}},"1":{"Type":"Trash","Description":"Trash \/ Unused Questions","ID":"BL_5prkHhpwb7orMWy","BlockElements":[{"Type":"Question","QuestionID":"QID24"},{"Type":"Question","QuestionID":"QID25"},{"Type":"Question","QuestionID":"QID27"},{"Type":"Question","QuestionID":"QID22"},{"Type":"Question","QuestionID":"QID16"}]},"2":{"Type":"Standard","SubType":"","Description":"Attention Check 2 + Quality","ID":"BL_2oCgH9zmKgcQXki","BlockElements":[{"Type":"Question","QuestionID":"QID15"},{"Type":"Question","QuestionID":"QID17"}],"Options":{"BlockLocking":"false","RandomizeQuestions":"false","BlockVisibility":"Expanded"}},"3":{"Type":"Standard","SubType":"","Description":"G3 Lenient - High","ID":"BL_42CVRSzUl6osWa2","BlockElements":[{"Type":"Question","QuestionID":"QID14"}],"Options":{"BlockLocking":"false","RandomizeQuestions":"false","BlockVisibility":"Collapsed"}},"4":{"Type":"Standard","SubType":"","Description":"Attention Check 1","ID":"BL_4Ymtd3HJnF3WfQy","BlockElements":[{"Type":"Question","QuestionID":"QID6"},{"Type":"Question","QuestionID":"QID7"}],"Options":{"BlockLocking":"false","RandomizeQuestions":"false","BlockVisibility":"Expanded"}},"5":{"Type":"Standard","SubType":"","Description":"First Scenario","ID":"BL_9SPtgwY5Mv9vSPc","BlockElements":[{"Type":"Question","QuestionID":"QID8"}],"Options":{"BlockLocking":"false","RandomizeQuestions":"false","BlockVisibility":"Collapsed"}},"6":{"Type":"Standard","SubType":"","Description":"Scenario 2","ID":"BL_3mkFaNgdvpcD8jk","BlockElements":[{"Type":"Question","QuestionID":"QID18"}],"Options":{"BlockLocking":"false","RandomizeQuestions":"false","BlockVisibility":"Collapsed"}},"7":{"Type":"Standard","SubType":"","Description":"Demographic Question","ID":"BL_6fWAa6EnBa5l5tQ","BlockElements":[{"Type":"Question","QuestionID":"QID19"},{"Type":"Question","QuestionID":"QID21"},{"Type":"Question","QuestionID":"QID20"},{"Type":"Question","QuestionID":"QID23"}],"Options":{"BlockLocking":"false","RandomizeQuestions":"false","BlockVisibility":"Expanded"}},"9":{"Type":"Standard","SubType":"","Description":"Constent","ID":"BL_4GRAaQLWxmhQrJQ","BlockElements":[{"Type":"Question","QuestionID":"QID26"},{"Type":"Question","QuestionID":"QID28"}],"Options":{"BlockLocking":"false","RandomizeQuestions":"false","BlockVisibility":"Collapsed"}},"10":{"Type":"Standard","SubType":"","Description":"G1 Strict - High","ID":"BL_9TTlDrcbpgqhjCu","BlockElements":[{"Type":"Question","QuestionID":"QID5"}],"Options":{"BlockLocking":"false","RandomizeQuestions":"false","BlockVisibility":"Collapsed"}},"11":{"Type":"Standard","SubType":"","Description":"G2 Strict - Average","ID":"BL_b9jF5ZMhwf06NpQ","BlockElements":[{"Type":"Question","QuestionID":"QID12"}],"Options":{"BlockLocking":"false","RandomizeQuestions":"false","BlockVisibility":"Collapsed"}},"12":{"Type":"Standard","SubType":"","Description":"G4 Lenient - Average","ID":"BL_6nxK3r4SirrjyrI","BlockElements":[{"Type":"Question","QuestionID":"QID13"}],"Options":{"BlockLocking":"false","RandomizeQuestions":"false","BlockVisibility":"Collapsed"}}}},{"SurveyID":"SV_1RmaDrz4BIKXoOO","Element":"FL","PrimaryAttribute":"Survey Flow","SecondaryAttribute":null,"TertiaryAttribute":null,"Payload":{"Type":"Root","FlowID":"FL_1","Flow":[{"Type":"Standard","ID":"BL_4GRAaQLWxmhQrJQ","FlowID":"FL_25","Autofill":[]},{"Type":"Block","ID":"BL_a8J7Li9Fo6zagvk","FlowID":"FL_2","Autofill":[]},{"Type":"Standard","ID":"BL_4Ymtd3HJnF3WfQy","FlowID":"FL_17","Autofill":[]},{"Type":"Standard","ID":"BL_9SPtgwY5Mv9vSPc","FlowID":"FL_18","Autofill":[]},{"Type":"BlockRandomizer","FlowID":"FL_30","SubSet":1,"EvenPresentation":true,"Flow":[{"Type":"Standard","ID":"BL_9TTlDrcbpgqhjCu","FlowID":"FL_27","Autofill":[]},{"Type":"Standard","ID":"BL_b9jF5ZMhwf06NpQ","FlowID":"FL_28","Autofill":[]},{"Type":"Block","ID":"BL_42CVRSzUl6osWa2","FlowID":"FL_10","Autofill":[]},{"Type":"Standard","ID":"BL_6nxK3r4SirrjyrI","FlowID":"FL_29","Autofill":[]}]},{"Type":"Block","ID":"BL_2oCgH9zmKgcQXki","FlowID":"FL_12","Autofill":[]},{"Type":"Block","ID":"BL_3mkFaNgdvpcD8jk","FlowID":"FL_22","Autofill":[]},{"Type":"Block","ID":"BL_6fWAa6EnBa5l5tQ","FlowID":"FL_23","Autofill":[]},{"Type":"EndSurvey","FlowID":"FL_11"}],"Properties":{"Count":30}}},{"SurveyID":"SV_1RmaDrz4BIKXoOO","Element":"PL","PrimaryAttribute":"Preview Link","SecondaryAttribute":null,"TertiaryAttribute":null,"Payload":{"PreviewType":"Public","PreviewID":"ce2c7d6f-2a68-4403-ba34-16706d0555ce"}},{"SurveyID":"SV_1RmaDrz4BIKXoOO","Element":"SO","PrimaryAttribute":"Survey Options","SecondaryAttribute":null,"TertiaryAttribute":null,"Payload":{"BackButton":"false","SaveAndContinue":"true","SurveyProtection":"PublicSurvey","BallotBoxStuffingPrevention":"false","NoIndex":"Yes","SecureResponseFiles":"true","SurveyExpiration":"None","SurveyTermination":"DefaultMessage","Header":"","Footer":"","ProgressBarDisplay":"None","PartialData":"+1 week","ValidationMessage":null,"PreviousButton":" \u2190 ","NextButton":" \u2192 ","SurveyTitle":"Qualtrics Survey | Qualtrics Experience Management","SkinLibrary":"wharton","SkinType":"templated","Skin":{"brandingId":null,"templateId":"*base","overrides":null},"NewScoring":1,"SurveyMetaDescription":"The most powerful, simple and trusted way to gather experience data. Start your journey to experience management and try a free account today.","CustomStyles":[],"EOSMessage":null,"ShowExportTags":"false","CollectGeoLocation":"false","PasswordProtection":"No","AnonymizeResponse":"No","RefererCheck":"No","BallotBoxStuffingPreventionBehavior":null,"BallotBoxStuffingPreventionMessage":null,"BallotBoxStuffingPreventionMessageLibrary":null,"BallotBoxStuffingPreventionURL":null,"RecaptchaV3":"true","ConfirmStart":false,"AutoConfirmStart":false,"RelevantID":"false","RelevantIDLockoutPeriod":"+30 days","UseCustomSurveyLinkCompletedMessage":null,"SurveyLinkCompletedMessage":null,"SurveyLinkCompletedMessageLibrary":null,"ResponseSummary":"No","EOSMessageLibrary":null,"EOSRedirectURL":null,"EmailThankYou":"false","ThankYouEmailMessageLibrary":null,"ThankYouEmailMessage":null,"ValidateMessage":"false","ValidationMessageLibrary":null,"InactiveSurvey":null,"PartialDeletion":null,"PartialDataCloseAfter":"LastActivity","InactiveMessageLibrary":null,"InactiveMessage":null,"AvailableLanguages":{"EN":[]},"SurveyName":"BDS 5010 Project","ProtectSelectionIds":true}},{"SurveyID":"SV_1RmaDrz4BIKXoOO","Element":"QGO","PrimaryAttribute":"QGO_QuotaGroupOrder","SecondaryAttribute":null,"TertiaryAttribute":null,"Payload":["QG_wg54nQJQ7sBdug1"]},{"SurveyID":"SV_1RmaDrz4BIKXoOO","Element":"SCO","PrimaryAttribute":"Scoring","SecondaryAttribute":null,"TertiaryAttribute":null,"Payload":{"ScoringCategories":[],"ScoringCategoryGroups":[],"ScoringSummaryCategory":null,"ScoringSummaryAfterQuestions":0,"ScoringSummaryAfterSurvey":0,"DefaultScoringCategory":null,"AutoScoringCategory":null}},{"SurveyID":"SV_1RmaDrz4BIKXoOO","Element":"PROJ","PrimaryAttribute":"CORE","SecondaryAttribute":null,"TertiaryAttribute":"1.1.0","Payload":{"ProjectCategory":"CORE","SchemaVersion":"1.1.0"}},{"SurveyID":"SV_1RmaDrz4BIKXoOO","Element":"STAT","PrimaryAttribute":"Survey Statistics","SecondaryAttribute":null,"TertiaryAttribute":null,"Payload":{"MobileCompatible":true,"ID":"Survey Statistics"}},{"SurveyID":"SV_1RmaDrz4BIKXoOO","Element":"SQ","PrimaryAttribute":"QID2","SecondaryAttribute":" ","TertiaryAttribute":null,"Payload":{"QuestionText":"&nbsp;&nbsp;","DefaultChoices":false,"DataExportTag":"Values","QuestionType":"DB","Selector":"GRB","DataVisibility":{"Private":false,"Hidden":false},"Configuration":{"QuestionDescriptionOption":"UseText"},"QuestionDescription":" ","ChoiceOrder":[],"Validation":{"Settings":{"Type":"None"}},"GradingData":[],"Language":[],"NextChoiceId":4,"NextAnswerId":1,"QuestionID":"QID2","SubSelector":"WTXB","Graphics":"IM_byKXueXbZhvQEN8","GraphicsDescription":"Core values.pptx"}},{"SurveyID":"SV_1RmaDrz4BIKXoOO","Element":"QC","PrimaryAttribute":"Survey Question Count","SecondaryAttribute":"28","TertiaryAttribute":null,"Payload":null},{"SurveyID":"SV_1RmaDrz4BIKXoOO","Element":"SQ","PrimaryAttribute":"QID3","SecondaryAttribute":"As part of a close-knit sales team of 10, your role is vital to the company\u2019s success. Your earni.","TertiaryAttribute":null,"Payload":{"QuestionText":"As part of a close-knit sales team of 10, your role is vital to the company\u2019s success. Your earnings are primarily commission-based, so the more you sell, the more you help Lanny\u2019s grow\u2014and the more you earn.","DefaultChoices":false,"DataExportTag":"Q3","QuestionID":"QID3","QuestionType":"DB","Selector":"TB","DataVisibility":{"Private":false,"Hidden":false},"Configuration":{"QuestionDescriptionOption":"UseText"},"QuestionDescription":"As part of a close-knit sales team of 10, your role is vital to the company\u2019s success. Your earni...","ChoiceOrder":[],"Validation":{"Settings":{"Type":"None"}},"GradingData":[],"Language":[],"NextChoiceId":4,"NextAnswerId":1}},{"SurveyID":"SV_1RmaDrz4BIKXoOO","Element":"SQ","PrimaryAttribute":"QID27","SecondaryAttribute":"Click to write the question text","TertiaryAttribute":null,"Payload":{"QuestionText":"Click to write the question text","DefaultChoices":false,"DataExportTag":"Q24","QuestionType":"Captcha","Selector":"V2","DataVisibility":{"Private":false,"Hidden":false},"Configuration":{"QuestionDescriptionOption":"UseText","Align":"left","Theme":"light"},"QuestionDescription":"Click to write the question text","GradingData":[],"Language":[],"NextChoiceId":4,"NextAnswerId":1,"QuestionID":"QID27"}},{"SurveyID":"SV_1RmaDrz4BIKXoOO","Element":"QG","PrimaryAttribute":"QG_wg54nQJQ7sBdug1","SecondaryAttribute":"Default Quota Group","TertiaryAttribute":null,"Payload":{"ID":"QG_wg54nQJQ7sBdug1","Name":"Default Quota Group","Selected":true,"MultipleMatch":"PlaceInAll","Public":false,"Quotas":[]}},{"SurveyID":"SV_1RmaDrz4BIKXoOO","Element":"RS","PrimaryAttribute":"RS_eLrFIL2wVbkvosC","SecondaryAttribute":"Default Response Set","TertiaryAttribute":null,"Payload":null},{"SurveyID":"SV_1RmaDrz4BIKXoOO","Element":"SQ","PrimaryAttribute":"QID19","SecondaryAttribute":"Demographic Questions (Optional)","TertiaryAttribute":null,"Payload":{"QuestionText":"Demographic Questions (Optional)","DefaultChoices":false,"DataExportTag":"Q19","QuestionType":"DB","Selector":"TB","DataVisibility":{"Private":false,"Hidden":false},"Configuration":{"QuestionDescriptionOption":"UseText"},"QuestionDescription":"Demographic Questions (Optional)","ChoiceOrder":[],"Validation":{"Settings":{"Type":"None"}},"GradingData":[],"Language":[],"NextChoiceId":4,"NextAnswerId":1,"QuestionID":"QID19"}},{"SurveyID":"SV_1RmaDrz4BIKXoOO","Element":"SQ","PrimaryAttribute":"QID23","SecondaryAttribute":"How many years of full-time working experience do you have?","TertiaryAttribute":null,"Payload":{"QuestionText":"How many years of full-time working experience do you have?","DefaultChoices":false,"DataExportTag":"Q23","QuestionType":"MC","Selector":"SAVR","SubSelector":"TX","DataVisibility":{"Private":false,"Hidden":false},"Configuration":{"QuestionDescriptionOption":"UseText"},"QuestionDescription":"How many years of full-time working experience do you have?","Choices":{"1":{"Display":"Less than 1 year"},"2":{"Display":"1-3 years"},"3":{"Display":"4-6 years"},"4":{"Display":"7-10 years"},"5":{"Display":"More than 10 years"}},"ChoiceOrder":[1,2,3,4,5],"Validation":{"Settings":{"ForceResponse":"OFF","Type":"None"}},"GradingData":[],"Language":[],"NextChoiceId":6,"NextAnswerId":1,"QuestionID":"QID23"}},{"SurveyID":"SV_1RmaDrz4BIKXoOO","Element":"SQ","PrimaryAttribute":"QID24","SecondaryAttribute":"How was your experience in taking this survey?","TertiaryAttribute":null,"Payload":{"QuestionText":"How was your experience in taking this survey?","DefaultChoices":false,"DataExportTag":"Q24","QuestionType":"TE","Selector":"ESTB","DataVisibility":{"Private":false,"Hidden":false},"Configuration":{"QuestionDescriptionOption":"UseText"},"QuestionDescription":"How was your experience in taking this survey?","Validation":{"Settings":{"ForceResponse":"OFF","Type":"None"}},"GradingData":[],"Language":[],"NextChoiceId":4,"NextAnswerId":1,"SearchSource":{"AllowFreeResponse":"false"},"QuestionID":"QID24"}},{"SurveyID":"SV_1RmaDrz4BIKXoOO","Element":"SQ","PrimaryAttribute":"QID16","SecondaryAttribute":"How\u2019s Alex\u2019s past performance?","TertiaryAttribute":null,"Payload":{"QuestionText":"How\u2019s Alex\u2019s past performance?","DefaultChoices":false,"DataExportTag":"Q16","QuestionType":"MC","Selector":"SAVR","SubSelector":"TX","DataVisibility":{"Private":false,"Hidden":false},"Configuration":{"QuestionDescriptionOption":"UseText"},"QuestionDescription":"How\u2019s Alex\u2019s past performance?","Choices":{"1":{"Display":"A. He\u2019s the top performer"},"2":{"Display":"B. He\u2019s an average performer"},"3":{"Display":"C. He usually contribute the least sales"},"4":{"Display":"D. Not sure (Not provided)"}},"ChoiceOrder":[1,2,3,4],"Validation":{"Settings":{"ForceResponse":"ON","ForceResponseType":"ON","Type":"None"}},"GradingData":[],"Language":[],"NextChoiceId":5,"NextAnswerId":1,"QuestionID":"QID16"}},{"SurveyID":"SV_1RmaDrz4BIKXoOO","Element":"SQ","PrimaryAttribute":"QID28","SecondaryAttribute":"I agree and wish to continue","TertiaryAttribute":null,"Payload":{"QuestionText":"I agree and wish to continue","DefaultChoices":false,"DataExportTag":"Q25","QuestionType":"Captcha","Selector":"V2","DataVisibility":{"Private":false,"Hidden":false},"Configuration":{"QuestionDescriptionOption":"UseText","Align":"left","Theme":"light"},"QuestionDescription":"I agree and wish to continue","GradingData":[],"Language":[],"NextChoiceId":4,"NextAnswerId":1,"QuestionID":"QID28"}},{"SurveyID":"SV_1RmaDrz4BIKXoOO","Element":"SQ","PrimaryAttribute":"QID4","SecondaryAttribute":"Important Notice: You will engage in a series of business scenarios and make decisions in each. E...","TertiaryAttribute":null,"Payload":{"QuestionText":"<em><u><strong>Important Notice:<\/strong><\/u><\/em><br>\nYou will engage in a series of business scenarios and make decisions in each. Every participant will receive 60 cents upon completing the scenarios. \n<br><br>Additionally, you will have the opportunity to earn <strong>up to 5 entries into a raffle for a $20 prize.<\/strong><br>\nThe number of entries you receive will be based on your <strong>holistic managerial review<\/strong>, which usually takes into account your <b>revenue contribution<\/b> and how well you represent the <b>company\u2019s core values<\/b>. Your manager will determine your review score. <br><strong><br>The higher the review you receive, the more raffle entries you will earn.<br><\/strong><br>Now, make sure you read the scenarios carefully and make your decisions!<br>","DefaultChoices":false,"DataExportTag":"Q4","QuestionType":"DB","Selector":"TB","DataVisibility":{"Private":false,"Hidden":false},"Configuration":{"QuestionDescriptionOption":"UseText"},"QuestionDescription":"Important Notice: You will engage in a series of business scenarios and make decisions in each. E...","ChoiceOrder":[],"Validation":{"Settings":{"Type":"None"}},"GradingData":[],"Language":[],"NextChoiceId":9,"NextAnswerId":1,"QuestionID":"QID4"}},{"SurveyID":"SV_1RmaDrz4BIKXoOO","Element":"SQ","PrimaryAttribute":"QID5","SecondaryAttribute":"In this week\u2019s meeting, your manager, Sam, addresses an issue with Alex, the team\u2019s top salesper","TertiaryAttribute":null,"Payload":{"QuestionText":"In this week\u2019s meeting, your manager, Sam, addresses an issue with Alex, the team\u2019s <b>top salesperson<\/b>. Last week, Alex promised a customer a free extended warranty to close a deal, knowing it wasn\u2019t possible and leaving it out of the contract. The customer didn\u2019t notice, and the sale went through.<br><br>As a result, Sam decides to <b>fire Alex<\/b>. Sam reminds the team that misleading customers, even if unnoticed, <b>goes against the company\u2019s values of Integrity and Trust<\/b>.","DefaultChoices":false,"DataExportTag":"G1 Strict - High","QuestionType":"DB","Selector":"TB","DataVisibility":{"Private":false,"Hidden":false},"Configuration":{"QuestionDescriptionOption":"UseText"},"QuestionDescription":"In this week\u2019s meeting, your manager, Sam, addresses an issue with Alex, the team\u2019s top salespers...","ChoiceOrder":[],"Validation":{"Settings":{"Type":"None"}},"GradingData":[],"Language":[],"NextChoiceId":4,"NextAnswerId":1,"QuestionID":"QID5"}},{"SurveyID":"SV_1RmaDrz4BIKXoOO","Element":"SQ","PrimaryAttribute":"QID12","SecondaryAttribute":"In this week\u2019s meeting, your manager, Sam, addresses an issue with Alex, who usually contributes..","TertiaryAttribute":null,"Payload":{"QuestionText":"In this week\u2019s meeting, your manager, Sam, addresses an issue with Alex, who usually <b>contributes median sales on the team<\/b>. Last week, Alex promised a customer a free extended warranty to close a deal, knowing it wasn\u2019t possible and leaving it out of the contract. The customer didn\u2019t notice, and the sale went through.\n<br><br>As a result, Sam <b>decides to fire Alex<\/b>. Sam reminds the team that misleading customers, even if unnoticed, <b>goes against the company\u2019s values of Integrity and Trust<\/b>.<br>","DefaultChoices":false,"DataExportTag":"G2 Strict - Average","QuestionType":"DB","Selector":"TB","DataVisibility":{"Private":false,"Hidden":false},"Configuration":{"QuestionDescriptionOption":"UseText"},"QuestionDescription":"In this week\u2019s meeting, your manager, Sam, addresses an issue with Alex, who usually contributes...","ChoiceOrder":[],"Validation":{"Settings":{"Type":"None"}},"GradingData":[],"Language":[],"NextChoiceId":4,"NextAnswerId":1,"QuestionID":"QID12"}},{"SurveyID":"SV_1RmaDrz4BIKXoOO","Element":"SQ","PrimaryAttribute":"QID14","SecondaryAttribute":"In this week\u2019s meeting, your manager, Sam, briefly addressed a situation involving Alex, the team.","TertiaryAttribute":null,"Payload":{"QuestionText":"In this week\u2019s meeting, your manager, Sam, briefly addressed a situation involving Alex, the team\u2019s <b>top salesperson<\/b>. Last week, Alex promised a customer a free extended warranty to close a deal, knowing it wasn\u2019t possible and leaving it out of the contract. The customer didn\u2019t notice, and the sale went through.<br><br>Sam noted that while Alex\u2019s actions didn\u2019t fully align with company policy, closing the sale benefited the company\u2019s earnings. Sam gave Alex <b>a light reminder<\/b> to be more careful, but also praised Alex\u2019s consistent, strong sales contributions, emphasizing that high sales are what matter most.","DefaultChoices":false,"DataExportTag":"G3 Lenient - High","QuestionType":"DB","Selector":"TB","DataVisibility":{"Private":false,"Hidden":false},"Configuration":{"QuestionDescriptionOption":"UseText"},"QuestionDescription":"In this week\u2019s meeting, your manager, Sam, briefly addressed a situation involving Alex, the team...","ChoiceOrder":[],"Validation":{"Settings":{"Type":"None"}},"GradingData":[],"Language":[],"NextChoiceId":4,"NextAnswerId":1,"QuestionID":"QID14"}},{"SurveyID":"SV_1RmaDrz4BIKXoOO","Element":"SQ","PrimaryAttribute":"QID13","SecondaryAttribute":"In this week\u2019s meeting, your manager, Sam, briefly addressed a situation involving Alex, who usua.","TertiaryAttribute":null,"Payload":{"QuestionText":"In this week\u2019s meeting, your manager, Sam, briefly addressed a situation involving Alex, who usually <b>contributes median sales on the team<\/b>. Last week, Alex promised a customer a free extended warranty to close a deal, knowing it wasn\u2019t possible and leaving it out of the contract. The customer didn\u2019t notice, and the sale went through.\n<br><br>Sam noted that while Alex\u2019s actions didn\u2019t fully align with company policy, closing the sale benefited the company\u2019s earnings. Sam gave Alex <b>a light reminder<\/b> to be more careful, but also emphasized that while rules matter, sales performance is key\u2014and Alex contributed to the company\u2019s bottom line.","DefaultChoices":false,"DataExportTag":"G4 Lenient - Average","QuestionType":"DB","Selector":"TB","DataVisibility":{"Private":false,"Hidden":false},"Configuration":{"QuestionDescriptionOption":"UseText"},"QuestionDescription":"In this week\u2019s meeting, your manager, Sam, briefly addressed a situation involving Alex, who usua...","ChoiceOrder":[],"Validation":{"Settings":{"Type":"None"}},"GradingData":[],"Language":[],"NextChoiceId":4,"NextAnswerId":1,"QuestionID":"QID13"}},{"SurveyID":"SV_1RmaDrz4BIKXoOO","Element":"SQ","PrimaryAttribute":"QID18","SecondaryAttribute":"It\u2019s nearly the end of the month again, and you\u2019re behind on your sales targets. A batch of offi","TertiaryAttribute":null,"Payload":{"QuestionText":"It\u2019s nearly the end of the month again, and you\u2019re behind on your sales targets. A batch of office chairs in stock has a flaw that causes them to collapse under heavy weight. These chairs are awaiting quality checks and should not be sold yet. <br><br>A client urgently wants to place a bulk order, and this batch is the only one available. Selling them would secure significant sales revenue but it <b>goes against the company\u2019s core values of Customer Commitment and Trust<\/b>, potentially harming the company\u2019s reputation.<br><br><b>&nbsp;What would you do?<br><\/b>","DefaultChoices":false,"DataExportTag":"Q18","QuestionType":"MC","Selector":"SAVR","SubSelector":"TX","DataVisibility":{"Private":false,"Hidden":false},"Configuration":{"QuestionDescriptionOption":"UseText"},"QuestionDescription":"It\u2019s nearly the end of the month again, and you\u2019re behind on your sales targets. A batch of offic...","Choices":{"1":{"Display":"A. Make the sale without informing the customer of the flaw"},"2":{"Display":"B. Refuse to sell, and inform the customer about the flaw"}},"ChoiceOrder":[1,2],"Validation":{"Settings":{"ForceResponse":"ON","ForceResponseType":"ON","Type":"None"}},"GradingData":[],"Language":[],"NextChoiceId":3,"NextAnswerId":1,"QuestionID":"QID18"}},{"SurveyID":"SV_1RmaDrz4BIKXoOO","Element":"SQ","PrimaryAttribute":"QID8","SecondaryAttribute":"It\u2019s nearly the end of the month, and you\u2019re behind on your sales targets. You have a mattress m","TertiaryAttribute":null,"Payload":{"QuestionText":"It\u2019s nearly the end of the month, and you\u2019re behind on your sales targets. You have a mattress model in stock that doesn\u2019t meet government environmental standards. Selling them may pose long-term health risks to customers, and could potentially lead to legal action against you and the company. These mattresses have been withheld for further testing.<br><br>A customer, unaware of these risks, wants to buy them all. Making this sale would give you an early sales boost but <b>goes against the company\u2019s core value of Customer-Commitment and Eco-Friendly<\/b>, and possibly even the law. And, your manager might notice this when reviewing the stock.<br><b><br><br>What would you do?\n<\/b>","DefaultChoices":false,"DataExportTag":"Sell or not sell?","QuestionType":"MC","Selector":"SAVR","SubSelector":"TX","DataVisibility":{"Private":false,"Hidden":false},"Configuration":{"QuestionDescriptionOption":"UseText"},"QuestionDescription":"It\u2019s nearly the end of the month, and you\u2019re behind on your sales targets. You have a mattress mo...","Choices":{"1":{"Display":"Make the sale without informing the customer of the health risks"},"2":{"Display":"Refuse to sell, and inform the customer about the potential risks"}},"ChoiceOrder":[1,2],"Validation":{"Settings":{"ForceResponse":"ON","ForceResponseType":"ON","Type":"None"}},"GradingData":[],"Language":[],"NextChoiceId":3,"NextAnswerId":1,"QuestionID":"QID8"}},{"SurveyID":"SV_1RmaDrz4BIKXoOO","Element":"SQ","PrimaryAttribute":"QID17","SecondaryAttribute":"On a scale of 1 to 7, how strict would you describe your manager, Sam? (1 = Not strict at all, 7...","TertiaryAttribute":null,"Payload":{"QuestionText":"On a scale of 1 to 7, how strict would you describe your manager, Sam?\n<br>(1 = Not strict at all, 7 = Extremely strict)","DefaultChoices":false,"DataExportTag":"Q17","QuestionID":"QID17","QuestionType":"Slider","Selector":"HSLIDER","DataVisibility":{"Private":false,"Hidden":false},"Configuration":{"QuestionDescriptionOption":"UseText","CSSliderMin":1,"CSSliderMax":7,"GridLines":6,"NumDecimals":"0","ShowValue":true,"StarCount":5,"StarType":"discrete","SliderStartPositions":{"1":0},"SnapToGrid":true,"CustomStart":true,"NotApplicable":false,"MobileFirst":true},"QuestionDescription":"On a scale of 1 to 7, how strict would you describe your manager, Sam? (1 = Not strict at all, 7...","Choices":{"1":{"Display":" "}},"ChoiceOrder":[1],"Validation":{"Settings":{"ForceResponse":"ON","ForceResponseType":"ON","Type":"None"}},"GradingData":[],"Language":[],"NextChoiceId":2,"NextAnswerId":1,"Labels":[],"Answers":{"1":{"Display":1},"2":{"Display":2},"3":{"Display":3},"4":{"Display":4},"5":{"Display":5},"6":{"Display":6},"7":{"Display":7}}}},{"SurveyID":"SV_1RmaDrz4BIKXoOO","Element":"SQ","PrimaryAttribute":"QID15","SecondaryAttribute":"Please choose Orange from the below options, if you are paying attention:","TertiaryAttribute":null,"Payload":{"QuestionText":"Please choose Orange from the below options, if you are paying attention:","DefaultChoices":false,"DataExportTag":"Q15","QuestionType":"MC","Selector":"MAVR","SubSelector":"TX","DataVisibility":{"Private":false,"Hidden":false},"Configuration":{"QuestionDescriptionOption":"UseText"},"QuestionDescription":"Please choose Orange from the below options, if you are paying attention:","Choices":{"1":{"Display":"A. Pasta"},"5":{"Display":"B. Apple"},"6":{"Display":"C. Orange"},"7":{"Display":"D. Cookie"}},"ChoiceOrder":[1,"5","6","7"],"Validation":{"Settings":{"ForceResponse":"ON","ForceResponseType":"ON","Type":"None"}},"GradingData":[],"Language":[],"NextChoiceId":8,"NextAnswerId":1,"QuestionID":"QID15"}},{"SurveyID":"SV_1RmaDrz4BIKXoOO","Element":"SQ","PrimaryAttribute":"QID1","SecondaryAttribute":"There will be questions regarding the scenario you will be reading. Please pay attention! Welcome...","TertiaryAttribute":null,"Payload":{"QuestionText":"<b>There will be questions regarding the scenario you will be reading. Please pay attention!\n<br><br>Welcome to Lanny\u2019s!\n<\/b><br><br>\nYou are a <b>Sales Representative<\/b> at Lanny\u2019s Furniture Store, a well-known local business specializing in high-quality furniture. For over 40 years, the company has embraced core values of <b>Customer Commitment, Integrity, Trust, and Eco-Friendliness<\/b>\u2014principles that are important to the leadership team and guide daily operations.\n<br>","DefaultChoices":false,"DataExportTag":"Welcome to Lanny\u2019s!","QuestionID":"QID1","QuestionType":"DB","Selector":"TB","DataVisibility":{"Private":false,"Hidden":false},"Configuration":{"QuestionDescriptionOption":"UseText"},"QuestionDescription":"There will be questions regarding the scenario you will be reading. Please pay attention! Welcome...","ChoiceOrder":[],"Validation":{"Settings":{"Type":"None"}},"GradingData":[],"Language":[],"NextChoiceId":4,"NextAnswerId":1}},{"SurveyID":"SV_1RmaDrz4BIKXoOO","Element":"SQ","PrimaryAttribute":"QID25","SecondaryAttribute":"Were you confused when taking the survey? How could it be improved?","TertiaryAttribute":null,"Payload":{"QuestionText":"Were you confused when taking the survey? How could it be improved?","DefaultChoices":false,"DataExportTag":"Q25","QuestionType":"TE","Selector":"ESTB","DataVisibility":{"Private":false,"Hidden":false},"Configuration":{"QuestionDescriptionOption":"UseText"},"QuestionDescription":"Were you confused when taking the survey? How could it be improved?","Validation":{"Settings":{"ForceResponse":"OFF","ForceResponseType":"ON","Type":"None"}},"GradingData":[],"Language":[],"NextChoiceId":4,"NextAnswerId":1,"SearchSource":{"AllowFreeResponse":"false"},"QuestionID":"QID25"}},{"SurveyID":"SV_1RmaDrz4BIKXoOO","Element":"SQ","PrimaryAttribute":"QID22","SecondaryAttribute":"What is the highest level of education you have completed?","TertiaryAttribute":null,"Payload":{"QuestionText":"What is the highest level of education you have completed?","DefaultChoices":false,"DataExportTag":"Q22","QuestionType":"MC","Selector":"SAVR","SubSelector":"TX","DataVisibility":{"Private":false,"Hidden":false},"Configuration":{"QuestionDescriptionOption":"UseText","Autoscale":{"YScale":{"Name":"education","Type":"likert","Reverse":false}}},"QuestionDescription":"What is the highest level of education you have completed?","Choices":{"1":{"Display":"Less than high school"},"2":{"Display":"High school graduate"},"3":{"Display":"Some college"},"4":{"Display":"2 year degree"},"5":{"Display":"4 year degree"},"6":{"Display":"Professional degree"},"7":{"Display":"Doctorate"}},"ChoiceOrder":[1,2,3,4,5,6,7],"Validation":{"Settings":{"ForceResponse":"OFF","Type":"None"}},"GradingData":[],"Language":[],"NextChoiceId":8,"NextAnswerId":1,"QuestionID":"QID22"}},{"SurveyID":"SV_1RmaDrz4BIKXoOO","Element":"SQ","PrimaryAttribute":"QID21","SecondaryAttribute":"What is your age?","TertiaryAttribute":null,"Payload":{"QuestionText":"What is your age?","DataExportTag":"Q21","QuestionType":"MC","Selector":"SAVR","SubSelector":"TX","DataVisibility":{"Private":false,"Hidden":false},"Configuration":{"QuestionDescriptionOption":"UseText"},"QuestionDescription":"What is your age?","Choices":{"1":{"Display":"Under 18"},"2":{"Display":"18 - 24"},"3":{"Display":"25 - 34"},"4":{"Display":"35 - 44"},"5":{"Display":"45 - 54"},"6":{"Display":"55 - 64"},"7":{"Display":"65 or older"}},"ChoiceOrder":[1,2,3,4,5,6,7],"Validation":{"Settings":{"ForceResponse":"OFF","Type":"None"}},"Language":[],"NextChoiceId":10,"NextAnswerId":1,"QuestionID":"QID21"}},{"SurveyID":"SV_1RmaDrz4BIKXoOO","Element":"SQ","PrimaryAttribute":"QID20","SecondaryAttribute":"What is your gender","TertiaryAttribute":null,"Payload":{"QuestionText":"What is your gender","DefaultChoices":false,"DataExportTag":"Q20","QuestionType":"MC","Selector":"SAVR","SubSelector":"TX","DataVisibility":{"Private":false,"Hidden":false},"Configuration":{"QuestionDescriptionOption":"UseText","Autoscale":{"YScale":{"Name":"maleFemale","Type":"likert","Reverse":false}}},"QuestionDescription":"What is your gender","Choices":{"1":{"Display":"Male"},"2":{"Display":"Female"},"3":{"Display":"Non-binary \/ third gender"},"4":{"Display":"Prefer not to say"}},"ChoiceOrder":[1,2,3,4],"Validation":{"Settings":{"ForceResponse":"OFF","Type":"None"}},"GradingData":[],"Language":[],"NextChoiceId":5,"NextAnswerId":1,"QuestionID":"QID20"}},{"SurveyID":"SV_1RmaDrz4BIKXoOO","Element":"SQ","PrimaryAttribute":"QID6","SecondaryAttribute":"What is your role?","TertiaryAttribute":null,"Payload":{"QuestionText":"What is your role?","DefaultChoices":false,"DataExportTag":"Q6","QuestionType":"MC","Selector":"SAVR","SubSelector":"TX","DataVisibility":{"Private":false,"Hidden":false},"Configuration":{"QuestionDescriptionOption":"UseText"},"QuestionDescription":"What is your role?","Choices":{"1":{"Display":"IT engineer"},"2":{"Display":"Sales representative"},"3":{"Display":"Teacher"},"4":{"Display":"Lawyer"}},"ChoiceOrder":[1,2,3,4],"Validation":{"Settings":{"ForceResponse":"ON","ForceResponseType":"ON","Type":"None"}},"GradingData":[],"Language":[],"NextChoiceId":5,"NextAnswerId":1,"QuestionID":"QID6"}},{"SurveyID":"SV_1RmaDrz4BIKXoOO","Element":"SQ","PrimaryAttribute":"QID7","SecondaryAttribute":"Which of the following is NOT one of Lanny\u2019s core values?","TertiaryAttribute":null,"Payload":{"QuestionText":"Which of the following is NOT one of Lanny\u2019s core values?","DefaultChoices":false,"DataExportTag":"Q7","QuestionType":"MC","Selector":"SAVR","SubSelector":"TX","DataVisibility":{"Private":false,"Hidden":false},"Configuration":{"QuestionDescriptionOption":"UseText"},"QuestionDescription":"Which of the following is NOT one of Lanny\u2019s core values?","Choices":{"1":{"Display":"Eco-Friendly"},"2":{"Display":"Customer Commitment"},"3":{"Display":"Trust"},"4":{"Display":"Arrogance"}},"ChoiceOrder":[1,2,3,4],"Validation":{"Settings":{"ForceResponse":"ON","ForceResponseType":"ON","Type":"None"}},"GradingData":[],"Language":[],"NextChoiceId":5,"NextAnswerId":1,"QuestionID":"QID7"}},{"SurveyID":"SV_1RmaDrz4BIKXoOO","Element":"SQ","PrimaryAttribute":"QID26","SecondaryAttribute":"You are invited to take part in a study named Decision Task. The purpose of this research study i...","TertiaryAttribute":null,"Payload":{"QuestionText":"You are invited to take part in a study named Decision Task. The purpose of this research study is to understand human decision-making. You will answer a series of questions regarding beliefs and behaviors. We will also ask you to provide demographic information. We will not ask for your name or any information that will make you identifiable. Overall, this study will take approximately 5-10 minutes.<br><br>For your participation in this study, you will receive a fixed payment of <b>60 cents<\/b>. Additionally, you may receive a monetary bonus, based on your decisions, more details will be provided in the following pages. \n<br><br>You will be paid within 10 days of completing the study via MTurk . Your email address will only be used to pay you correctly and will be deleted permanently from the experimenter's data after payment is complete.<br><br>The risks to participating are no greater than those encountered in everyday life. Your participation in this study is completely voluntary, and you may refuse to participate. If you withdraw from the study before completing it, you will not be paid. Compensation will be awarded upon completion of the entire study.\n<br><br>If you have any questions about this study, you may contact us through email.\n<br><br>Please feel free to print or save a copy of this consent form.<br><br>By continuing from this page, you are indicating that you have read and understood this consent form and wish to continue your participation in this study.","DefaultChoices":false,"DataExportTag":"Information Consent","QuestionType":"DB","Selector":"TB","DataVisibility":{"Private":false,"Hidden":false},"Configuration":{"QuestionDescriptionOption":"UseText"},"QuestionDescription":"You are invited to take part in a study named Decision Task. The purpose of this research study i...","ChoiceOrder":[],"Validation":{"Settings":{"Type":"None"}},"GradingData":[],"Language":[],"NextChoiceId":4,"NextAnswerId":1,"QuestionID":"QID26"}}]}