{"SurveyEntry":{"SurveyID":"SV_25WU01SUAakwdQp","SurveyName":"Loyalty Pre-Test (March 2020)","SurveyDescription":null,"SurveyOwnerID":"UR_0STUdnaEqzpTnkF","SurveyBrandID":"upenn","DivisionID":null,"SurveyLanguage":"EN","SurveyActiveResponseSet":"RS_0rA2Ovr381JZBcx","SurveyStatus":"Active","SurveyStartDate":"0000-00-00 00:00:00","SurveyExpirationDate":"0000-00-00 00:00:00","SurveyCreationDate":"2020-03-19 10:07:13","CreatorID":"UR_0STUdnaEqzpTnkF","LastModified":"2020-03-19 12:02:28","LastAccessed":"0000-00-00 00:00:00","LastActivated":"2020-03-19 11:28:02","Deleted":null},"SurveyElements":[{"SurveyID":"SV_25WU01SUAakwdQp","Element":"BL","PrimaryAttribute":"Survey Blocks","SecondaryAttribute":null,"TertiaryAttribute":null,"Payload":{"0":{"Type":"Default","Description":"Consent","ID":"BL_d5sf5OqOsFglOvP","BlockElements":[{"Type":"Question","QuestionID":"QID26"},{"Type":"Page Break"},{"Type":"Question","QuestionID":"QID3"}],"Options":{"BlockLocking":"false","RandomizeQuestions":"false","BlockVisibility":"Collapsed"}},"1":{"Type":"Trash","Description":"Trash \/ Unused Questions","ID":"BL_etdQXX9GyEkUnqd","BlockElements":[{"Type":"Question","QuestionID":"QID62"},{"Type":"Question","QuestionID":"QID16"},{"Type":"Question","QuestionID":"QID17"},{"Type":"Question","QuestionID":"QID23"},{"Type":"Question","QuestionID":"QID24"},{"Type":"Question","QuestionID":"QID63"},{"Type":"Question","QuestionID":"QID64"},{"Type":"Question","QuestionID":"QID65"}],"Options":{"BlockLocking":"false","RandomizeQuestions":"false","BlockVisibility":"Collapsed"}},"3":{"Type":"Standard","SubType":"","Description":"Post-exprimental questionnaire","ID":"BL_0iUJ3glGkQpwBW5","BlockElements":[{"Type":"Question","QuestionID":"QID8"},{"Type":"Question","QuestionID":"QID9"},{"Type":"Question","QuestionID":"QID10"},{"Type":"Page Break"},{"Type":"Question","QuestionID":"QID11"},{"Type":"Page Break"},{"Type":"Question","QuestionID":"QID59"},{"Type":"Page Break"},{"Type":"Question","QuestionID":"QID18"},{"Type":"Question","QuestionID":"QID19"},{"Type":"Question","QuestionID":"QID20"}],"Options":{"BlockLocking":"false","RandomizeQuestions":"false","BlockVisibility":"Collapsed"}},"14":{"Type":"Standard","SubType":"","Description":"Instructions","ID":"BL_73g3BotRcRcwp7L","BlockElements":[{"Type":"Question","QuestionID":"QID58"}],"Options":{"BlockLocking":"false","RandomizeQuestions":"false","BlockVisibility":"Collapsed"}},"15":{"Type":"Standard","SubType":"","Description":"Comprehension 1","ID":"BL_8jHHVjhFCK9Kvt3","BlockElements":[{"Type":"Question","QuestionID":"QID60"},{"Type":"Question","QuestionID":"QID68"},{"Type":"Question","QuestionID":"QID61"},{"Type":"Question","QuestionID":"QID66"},{"Type":"Question","QuestionID":"QID67"}],"Options":{"BlockLocking":"false","RandomizeQuestions":"false","BlockVisibility":"Collapsed","Looping":"None","LoopingOptions":null}},"16":{"Type":"Standard","SubType":"","Description":"Comprehension 2","ID":"BL_dn8e5eLtfdmEpEh","BlockElements":[{"Type":"Question","QuestionID":"QID69"},{"Type":"Question","QuestionID":"QID70"},{"Type":"Question","QuestionID":"QID71"},{"Type":"Question","QuestionID":"QID72"},{"Type":"Question","QuestionID":"QID73"}],"Options":{"BlockLocking":"false","RandomizeQuestions":"false","BlockVisibility":"Collapsed"}},"17":{"Type":"Standard","SubType":"","Description":"Hypothetical Decision","ID":"BL_bgbveepo2GWCUq9","BlockElements":[{"Type":"Question","QuestionID":"QID74"},{"Type":"Question","QuestionID":"QID75"},{"Type":"Question","QuestionID":"QID77"},{"Type":"Question","QuestionID":"QID76"},{"Type":"Question","QuestionID":"QID78"},{"Type":"Question","QuestionID":"QID79"}],"Options":{"BlockLocking":"false","RandomizeQuestions":"false","BlockVisibility":"Collapsed"}}}},{"SurveyID":"SV_25WU01SUAakwdQp","Element":"FL","PrimaryAttribute":"Survey Flow","SecondaryAttribute":null,"TertiaryAttribute":null,"Payload":{"Type":"Root","FlowID":"FL_1","Flow":[{"Type":"WebService","FlowID":"FL_6","URL":"http:\/\/reporting.qualtrics.com\/projects\/randomNumGen.php","Method":"GET","RequestParams":[{"key":"min","value":"0"},{"key":"max","value":"99999999"}],"EditBodyParams":[],"Body":[],"ContentType":"application\/x-www-form-urlencoded","Headers":[],"ResponseMap":[{"key":"random","value":"MTurkCode"}],"FireAndForget":false,"SchemaVersion":0,"StringifyValues":false},{"Type":"Block","ID":"BL_d5sf5OqOsFglOvP","FlowID":"FL_2"},{"ID":"BL_73g3BotRcRcwp7L","Type":"Standard","FlowID":"FL_19"},{"ID":"BL_8jHHVjhFCK9Kvt3","Type":"Standard","FlowID":"FL_20"},{"ID":"BL_dn8e5eLtfdmEpEh","Type":"Standard","FlowID":"FL_22"},{"ID":"BL_bgbveepo2GWCUq9","Type":"Standard","FlowID":"FL_23"},{"Type":"BlockRandomizer","FlowID":"FL_17","SubSet":0,"EvenPresentation":true,"Flow":[]},{"Type":"BlockRandomizer","FlowID":"FL_18","SubSet":0,"EvenPresentation":true,"Flow":[]},{"Type":"Standard","ID":"BL_0iUJ3glGkQpwBW5","FlowID":"FL_4"},{"Type":"EndSurvey","FlowID":"FL_7"}],"Properties":{"Count":23,"RemovedFieldsets":[]}}},{"SurveyID":"SV_25WU01SUAakwdQp","Element":"RS","PrimaryAttribute":"RS_0rA2Ovr381JZBcx","SecondaryAttribute":null,"TertiaryAttribute":null,"Payload":null},{"SurveyID":"SV_25WU01SUAakwdQp","Element":"SO","PrimaryAttribute":"Survey Options","SecondaryAttribute":null,"TertiaryAttribute":null,"Payload":{"BackButton":"false","SaveAndContinue":"true","SurveyProtection":"PublicSurvey","BallotBoxStuffingPrevention":"false","NoIndex":"Yes","SecureResponseFiles":"true","SurveyExpiration":null,"SurveyTermination":"DisplayMessage","Header":"","Footer":"","ProgressBarDisplay":"None","PartialData":"+1 week","ValidationMessage":null,"PreviousButton":" \u2190 ","NextButton":" \u2192 ","SkinLibrary":"upenn","SkinType":"templated","Skin":{"brandingId":"*1022446574","templateId":"*base","overrides":{"background":{"url":"","overlay":{"color":"transparent","opacity":0}}}},"NewScoring":1,"EOSMessage":"MS_9nK9v0K6xujtpPf","ShowExportTags":"false","CollectGeoLocation":"false","SurveyTitle":"Online Survey Software | Qualtrics Survey Solutions","SurveyMetaDescription":"Qualtrics sophisticated online survey software solutions make creating online surveys easy. Learn more about Research Suite and get a free account today.","PasswordProtection":"No","AnonymizeResponse":"No","Password":"","RefererCheck":"No","RefererURL":"http:\/\/","ResponseSummary":"No","EOSMessageLibrary":"UR_0T9DfyqTwqFg8FT","EOSRedirectURL":"https:\/\/","EmailThankYou":"false","ThankYouEmailMessageLibrary":null,"ThankYouEmailMessage":null,"ValidateMessage":"false","ValidationMessageLibrary":null,"InactiveSurvey":"DefaultMessage","PartialDataCloseAfter":"LastActivity","ActiveResponseSet":null,"InactiveMessageLibrary":"","InactiveMessage":"","AvailableLanguages":{"EN":[]},"ProtectSelectionIds":true,"CustomStyles":[],"SurveyName":"Loyalty Pre-Test (March 2020)"}},{"SurveyID":"SV_25WU01SUAakwdQp","Element":"SCO","PrimaryAttribute":"Scoring","SecondaryAttribute":null,"TertiaryAttribute":null,"Payload":{"ScoringCategories":[],"ScoringCategoryGroups":[],"ScoringSummaryCategory":null,"ScoringSummaryAfterQuestions":0,"ScoringSummaryAfterSurvey":0,"DefaultScoringCategory":null,"AutoScoringCategory":null}},{"SurveyID":"SV_25WU01SUAakwdQp","Element":"PROJ","PrimaryAttribute":"CORE","SecondaryAttribute":null,"TertiaryAttribute":"1.1.0","Payload":{"ProjectCategory":"CORE","SchemaVersion":"1.1.0"}},{"SurveyID":"SV_25WU01SUAakwdQp","Element":"STAT","PrimaryAttribute":"Survey Statistics","SecondaryAttribute":null,"TertiaryAttribute":null,"Payload":{"MobileCompatible":false,"ID":"Survey Statistics"}},{"SurveyID":"SV_25WU01SUAakwdQp","Element":"SQ","PrimaryAttribute":"QID69","SecondaryAttribute":"*Warning* At least one of your answers was incorrect. You are given a second opportunity to answe...","TertiaryAttribute":null,"Payload":{"QuestionText":"<div><strong><span style=\"color:#e74c3c;\">*Warning*<\/span><\/strong><\/div>\n\n<div><span style=\"color:#e74c3c;\">At least one of your answers was incorrect. You are given a second opportunity to answer the comprehension questinos correctly.<\/span><\/div>\n\n<div>___________________________________________________<\/div>\n\n<div>&nbsp;<\/div>\n\n<div>&nbsp;<\/div>\nTo be sure that every participant understands the procedure, we would like you to answer the following questions.<br \/>\nFailure to answer the comprehension questions correctly can lead to exclusion from the experiment at no pay.&nbsp;<br \/>\n<br \/>\n<u>Please keep the structure of the experiment in mind<\/u>:<br \/>\n&nbsp;<br \/>\n<img height=\"440\" src=\"https:\/\/upenn.co1.qualtrics.com\/CP\/Graphic.php?IM=IM_bHGcwlD1ALEmKnH\" style=\"width: 700px; height: 440px;\" width=\"700\" \/>","DefaultChoices":false,"QuestionType":"DB","Selector":"TB","Configuration":{"QuestionDescriptionOption":"UseText"},"QuestionDescription":"*Warning* At least one of your answers was incorrect. You are given a second opportunity to answe...","ChoiceOrder":[],"Validation":{"Settings":{"Type":"None"}},"GradingData":[],"Language":[],"NextChoiceId":4,"NextAnswerId":1,"QuestionText_Unsafe":"To be sure that every participant understands the procedure, we would like you to answer the following questions.<br \/>\nFailure to answer the comprehension questions correctly can lead to exclusion from the experiment at no pay.<br \/>\n<br \/>\n<br \/>\n<u>Please keep the structure of the experiment in mind<\/u>:<br \/>\n&nbsp;<br \/>\n<img height=\"440\" src=\"https:\/\/upenn.co1.qualtrics.com\/CP\/Graphic.php?IM=IM_bHGcwlD1ALEmKnH\" style=\"width: 700px; height: 440px;\" width=\"700\" \/>","DataExportTag":"C2_explanation","QuestionID":"QID69","DataVisibility":{"Private":false,"Hidden":false},"DisplayLogic":{"0":{"0":{"LogicType":"Question","QuestionID":"QID61","QuestionIsInLoop":"no","ChoiceLocator":"q:\/\/QID61\/ChoiceTextEntryValue\/1","Operator":"NotEqualTo","QuestionIDFromLocator":"QID61","LeftOperand":"q:\/\/QID61\/ChoiceTextEntryValue\/1","RightOperand":"3","Type":"Expression","Description":"<span class=\"ConjDesc\">If<\/span> <span class=\"QuestionDesc\">If Player A chooses \u201cTake $3\u201d from Player C, and Player B chooses \u201cBlock\u201d, and the cost to Player...<\/span> <span class=\"LeftOpDesc\">Player A earn from the game<\/span> <span class=\"OpDesc\">Is Not Equal to<\/span> <span class=\"RightOpDesc\"> 3 <\/span>"},"1":{"LogicType":"Question","QuestionID":"QID61","QuestionIsInLoop":"no","ChoiceLocator":"q:\/\/QID61\/ChoiceTextEntryValue\/2","Operator":"NotEqualTo","QuestionIDFromLocator":"QID61","LeftOperand":"q:\/\/QID61\/ChoiceTextEntryValue\/2","RightOperand":"5.5","Type":"Expression","Description":"<span class=\"ConjDesc\">Or<\/span> <span class=\"QuestionDesc\">If Player A chooses \u201cTake $3\u201d from Player C, and Player B chooses \u201cBlock\u201d, and the cost to Player...<\/span> <span class=\"LeftOpDesc\">Player B earn from the game<\/span> <span class=\"OpDesc\">Is Not Equal to<\/span> <span class=\"RightOpDesc\"> 5.5 <\/span>","Conjuction":"Or"},"2":{"LogicType":"Question","QuestionID":"QID61","QuestionIsInLoop":"no","ChoiceLocator":"q:\/\/QID61\/ChoiceTextEntryValue\/3","Operator":"NotEqualTo","QuestionIDFromLocator":"QID61","LeftOperand":"q:\/\/QID61\/ChoiceTextEntryValue\/3","RightOperand":"3","Type":"Expression","Description":"<span class=\"ConjDesc\">Or<\/span> <span class=\"QuestionDesc\">If Player A chooses \u201cTake $3\u201d from Player C, and Player B chooses \u201cBlock\u201d, and the cost to Player...<\/span> <span class=\"LeftOpDesc\">Player C earn from the game<\/span> <span class=\"OpDesc\">Is Not Equal to<\/span> <span class=\"RightOpDesc\"> 3 <\/span>","Conjuction":"Or"},"3":{"LogicType":"Question","QuestionID":"QID66","QuestionIsInLoop":"no","ChoiceLocator":"q:\/\/QID66\/ChoiceTextEntryValue\/1","Operator":"NotEqualTo","QuestionIDFromLocator":"QID66","LeftOperand":"q:\/\/QID66\/ChoiceTextEntryValue\/1","RightOperand":"6","Type":"Expression","Description":"<span class=\"ConjDesc\">Or<\/span> <span class=\"QuestionDesc\">If Player A chooses \u201cTake $3\u201d from Player C, and Player B chooses \u201cNot&nbsp;Block\u201d, and the cost to Pl...<\/span> <span class=\"LeftOpDesc\">Player A earn from the game<\/span> <span class=\"OpDesc\">Is Not Equal to<\/span> <span class=\"RightOpDesc\"> 6 <\/span>","Conjuction":"Or"},"4":{"LogicType":"Question","QuestionID":"QID66","QuestionIsInLoop":"no","ChoiceLocator":"q:\/\/QID66\/ChoiceTextEntryValue\/2","Operator":"NotEqualTo","QuestionIDFromLocator":"QID66","LeftOperand":"q:\/\/QID66\/ChoiceTextEntryValue\/2","RightOperand":"6.5","Type":"Expression","Description":"<span class=\"ConjDesc\">Or<\/span> <span class=\"QuestionDesc\">If Player A chooses \u201cTake $3\u201d from Player C, and Player B chooses \u201cNot&nbsp;Block\u201d, and the cost to Pl...<\/span> <span class=\"LeftOpDesc\">Player B earn from the game<\/span> <span class=\"OpDesc\">Is Not Equal to<\/span> <span class=\"RightOpDesc\"> 6.5 <\/span>","Conjuction":"Or"},"5":{"LogicType":"Question","QuestionID":"QID66","QuestionIsInLoop":"no","ChoiceLocator":"q:\/\/QID66\/ChoiceTextEntryValue\/3","Operator":"NotEqualTo","QuestionIDFromLocator":"QID66","LeftOperand":"q:\/\/QID66\/ChoiceTextEntryValue\/3","RightOperand":"0","Type":"Expression","Description":"<span class=\"ConjDesc\">Or<\/span> <span class=\"QuestionDesc\">If Player A chooses \u201cTake $3\u201d from Player C, and Player B chooses \u201cNot&nbsp;Block\u201d, and the cost to Pl...<\/span> <span class=\"LeftOpDesc\">Player C earn from the game<\/span> <span class=\"OpDesc\">Is Not Equal to<\/span> <span class=\"RightOpDesc\"> 0 <\/span>","Conjuction":"Or"},"6":{"LogicType":"Question","QuestionID":"QID67","QuestionIsInLoop":"no","ChoiceLocator":"q:\/\/QID67\/ChoiceTextEntryValue\/1","Operator":"NotEqualTo","QuestionIDFromLocator":"QID67","LeftOperand":"q:\/\/QID67\/ChoiceTextEntryValue\/1","RightOperand":"3","Type":"Expression","Description":"<span class=\"ConjDesc\">Or<\/span> <span class=\"QuestionDesc\">If Player A chooses \u201cNot&nbsp;Take\u201d from Player C, and Player B chooses \u201cNot&nbsp;Block\u201d, and the cost to P...<\/span> <span class=\"LeftOpDesc\">Player A earn from the game<\/span> <span class=\"OpDesc\">Is Not Equal to<\/span> <span class=\"RightOpDesc\"> 3 <\/span>","Conjuction":"Or"},"7":{"LogicType":"Question","QuestionID":"QID67","QuestionIsInLoop":"no","ChoiceLocator":"q:\/\/QID67\/ChoiceTextEntryValue\/2","Operator":"NotEqualTo","QuestionIDFromLocator":"QID67","LeftOperand":"q:\/\/QID67\/ChoiceTextEntryValue\/2","RightOperand":"6.5","Type":"Expression","Description":"<span class=\"ConjDesc\">Or<\/span> <span class=\"QuestionDesc\">If Player A chooses \u201cNot&nbsp;Take\u201d from Player C, and Player B chooses \u201cNot&nbsp;Block\u201d, and the cost to P...<\/span> <span class=\"LeftOpDesc\">Player B earn from the game<\/span> <span class=\"OpDesc\">Is Not Equal to<\/span> <span class=\"RightOpDesc\"> 6.5 <\/span>","Conjuction":"Or"},"8":{"LogicType":"Question","QuestionID":"QID67","QuestionIsInLoop":"no","ChoiceLocator":"q:\/\/QID67\/ChoiceTextEntryValue\/3","Operator":"NotEqualTo","QuestionIDFromLocator":"QID67","LeftOperand":"q:\/\/QID67\/ChoiceTextEntryValue\/3","RightOperand":"3","Type":"Expression","Description":"<span class=\"ConjDesc\">Or<\/span> <span class=\"QuestionDesc\">If Player A chooses \u201cNot&nbsp;Take\u201d from Player C, and Player B chooses \u201cNot&nbsp;Block\u201d, and the cost to P...<\/span> <span class=\"LeftOpDesc\">Player C earn from the game<\/span> <span class=\"OpDesc\">Is Not Equal to<\/span> <span class=\"RightOpDesc\"> 3 <\/span>","Conjuction":"Or"},"Type":"If"},"Type":"BooleanExpression","inPage":false}}},{"SurveyID":"SV_25WU01SUAakwdQp","Element":"QC","PrimaryAttribute":"Survey Question Count","SecondaryAttribute":"79","TertiaryAttribute":null,"Payload":null},{"SurveyID":"SV_25WU01SUAakwdQp","Element":"SQ","PrimaryAttribute":"QID19","SecondaryAttribute":"After payments are made, your Worker ID will be permanently deleted from the experimenter's data.","TertiaryAttribute":null,"Payload":{"QuestionText":"After payments are made, your Worker ID will be permanently deleted from the experimenter's data.","DefaultChoices":false,"DataExportTag":"Q34","QuestionType":"DB","Selector":"TB","DataVisibility":{"Private":false,"Hidden":false},"Configuration":{"QuestionDescriptionOption":"UseText"},"QuestionDescription":"After payments are made, your Worker ID will be permanently deleted from the experimenter's data.","ChoiceOrder":[],"Validation":{"Settings":{"Type":"None"}},"GradingData":[],"Language":[],"NextChoiceId":1,"NextAnswerId":1,"QuestionID":"QID19"}},{"SurveyID":"SV_25WU01SUAakwdQp","Element":"SQ","PrimaryAttribute":"QID3","SecondaryAttribute":"\u00a0 Informed Consent Form Welcome. This study will last approximately 10 minutes. There are no risk..","TertiaryAttribute":null,"Payload":{"QuestionText":"<p>&nbsp;<\/p>\n\n<p><span style=\"font-size:19px;\"><span style=\"line-height: 115%; color: black;\">Informed Consent Form<\/span><\/span><\/p>\n\n<p><br \/>\nWelcome. This study will last approximately 10 minutes. There are no risks or discomforts associated with this research beyond those associated with normal decision making in real-world situations. If you agree to participate in this study, you will need to make decisions and provide demographic information.&nbsp;&nbsp;<br \/>\n<br \/>\nYou will not be asked for your name or any information that will make you identifiable. Neither we nor the other participants will be able to link you to any of your decisions. Responses will be identified by an assigned ID number that is not linked to your identity.<br \/>\n<br \/>\nThrough this work, we hope to gain a better understanding of human decision-making. In this study you can earn money. You will receive $0.20 for your participation in this study. You can expect to receive all payment within a week of completing this study.<br \/>\n<br \/>\nYour participation in this study is completely voluntary, and you may refuse to participate or withdraw from the study without penalty or loss of benefits to which you may otherwise be entitled. You must be at least 18 years or older to participate.<br \/>\n<br \/>\nIf there is anything unclear about your participation in the study or the study itself, or if you wish to report a research-related problem, you may contact us at <span style=\"background-color:#e74c3c;\">yourmturkemail<\/span>. By clicking the consent button, I agree that I have understood the above explanation and give consent to my voluntary participation in this research.<\/p>","DefaultChoices":false,"DataExportTag":"Consent","QuestionID":"QID3","QuestionType":"MC","Selector":"SAHR","SubSelector":"TX","DataVisibility":{"Private":false,"Hidden":false},"Configuration":{"QuestionDescriptionOption":"UseText","LabelPosition":"BELOW"},"QuestionDescription":"\u00a0 Informed Consent Form Welcome. This study will last approximately 10 minutes. There are no risk...","Choices":{"1":{"Display":"<span style=\"font-size:22px;\"><strong>Consent<\/strong><\/span>"}},"ChoiceOrder":[1],"Validation":{"Settings":{"ForceResponse":"ON","ForceResponseType":"ON","Type":"None"}},"GradingData":[],"Language":[],"NextChoiceId":2,"NextAnswerId":1}},{"SurveyID":"SV_25WU01SUAakwdQp","Element":"SQ","PrimaryAttribute":"QID62","SecondaryAttribute":"Click to write the question text","TertiaryAttribute":null,"Payload":{"QuestionText":"Click to write the question text","DataExportTag":"Q62","QuestionType":"MC","Selector":"SAVR","SubSelector":"TX","Configuration":{"QuestionDescriptionOption":"UseText"},"QuestionDescription":"Click to write the question text","Choices":{"1":{"Display":"Click to write Choice 1"},"2":{"Display":"Click to write Choice 2"},"3":{"Display":"Click to write Choice 3"}},"ChoiceOrder":["1","2","3"],"Validation":{"Settings":{"ForceResponse":"OFF","ForceResponseType":"ON","Type":"None"}},"Language":[],"NextChoiceId":4,"NextAnswerId":1,"QuestionID":"QID62"}},{"SurveyID":"SV_25WU01SUAakwdQp","Element":"SQ","PrimaryAttribute":"QID63","SecondaryAttribute":"Click to write the question text","TertiaryAttribute":null,"Payload":{"QuestionText":"Click to write the question text","DataExportTag":"C2a","QuestionType":"MC","Selector":"SAVR","SubSelector":"TX","Configuration":{"QuestionDescriptionOption":"UseText"},"QuestionDescription":"Click to write the question text","Choices":{"1":{"Display":"Click to write Choice 1"},"2":{"Display":"Click to write Choice 2"},"3":{"Display":"Click to write Choice 3"}},"ChoiceOrder":["1","2","3"],"Validation":{"Settings":{"ForceResponse":"OFF","ForceResponseType":"ON","Type":"None"}},"Language":[],"NextChoiceId":4,"NextAnswerId":1,"QuestionID":"QID63"}},{"SurveyID":"SV_25WU01SUAakwdQp","Element":"SQ","PrimaryAttribute":"QID11","SecondaryAttribute":"How do you see yourself: Please indicate on the scale if are you generally a person who is fully...","TertiaryAttribute":null,"Payload":{"QuestionText":"<span style=\"mso-ansi-language:EN-US\">How do you see yourself:<br \/>\n<br \/>\nPlease indicate on the scale if are you generally a person who is fully prepared to take risks or do you try to avoid taking risks?<br \/>\n<br \/>\n<strong>0 means:<\/strong> `not at all willing to take risks&#39;<br \/>\n<strong>10 means: <\/strong>`very willing to take risks&#39;<\/span>","DefaultChoices":false,"DataExportTag":"Risk","QuestionType":"Slider","Selector":"HSLIDER","DataVisibility":{"Private":false,"Hidden":false},"Configuration":{"QuestionDescriptionOption":"UseText","CSSliderMin":0,"CSSliderMax":10,"GridLines":10,"SnapToGrid":false,"NumDecimals":"0","ShowValue":true,"CustomStart":false,"NotApplicable":false,"MobileFirst":true},"QuestionDescription":"How do you see yourself: Please indicate on the scale if are you generally a person who is fully...","Choices":{"1":{"Display":"Risk Willingness"}},"ChoiceOrder":[1],"Validation":{"Settings":{"ForceResponse":"ON","ForceResponseType":"ON","Type":"None"}},"GradingData":[],"Language":[],"NextChoiceId":2,"NextAnswerId":1,"Labels":[],"QuestionID":"QID11"}},{"SurveyID":"SV_25WU01SUAakwdQp","Element":"SQ","PrimaryAttribute":"QID59","SecondaryAttribute":"How many close friends do you have that you can rely on at any time?","TertiaryAttribute":null,"Payload":{"QuestionText":"How many close friends do you have that you can rely on at any time?","DefaultChoices":false,"DataExportTag":"Q59","QuestionID":"QID59","QuestionType":"TE","Selector":"SL","Configuration":{"QuestionDescriptionOption":"UseText","InputWidth":60,"InputHeight":29},"QuestionDescription":"How many close friends do you have that you can rely on at any time?","Validation":{"Settings":{"ForceResponse":"ON","ForceResponseType":"ON","Type":"ContentType","ContentType":"ValidNumber","ValidDateType":"DateWithFormat","ValidPhoneType":"ValidUSPhone","ValidZipType":"ValidUSZip"}},"GradingData":[],"Language":[],"NextChoiceId":4,"NextAnswerId":1,"SearchSource":{"AllowFreeResponse":"false"}}},{"SurveyID":"SV_25WU01SUAakwdQp","Element":"SQ","PrimaryAttribute":"QID10","SecondaryAttribute":"How old are you in years?","TertiaryAttribute":null,"Payload":{"QuestionText":"How old are you in years?","DefaultChoices":false,"DataExportTag":"Age","QuestionType":"TE","Selector":"SL","DataVisibility":{"Private":false,"Hidden":false},"Configuration":{"QuestionDescriptionOption":"UseText","InputWidth":65,"InputHeight":30},"QuestionDescription":"How old are you in years?","Validation":{"Settings":{"ForceResponse":"OFF","ForceResponseType":"ON","Type":"ContentType","TotalChars":"2","ContentType":"ValidNumber","ValidDateType":"DateWithFormat","ValidPhoneType":"ValidUSPhone","ValidZipType":"ValidUSZip","ValidNumber":{"Min":"","NumDecimals":"0"}}},"GradingData":[],"Language":[],"NextChoiceId":1,"NextAnswerId":1,"QuestionID":"QID10","SearchSource":{"AllowFreeResponse":"false"}}},{"SurveyID":"SV_25WU01SUAakwdQp","Element":"SQ","PrimaryAttribute":"QID65","SecondaryAttribute":"If Player A chooses \u201cNot\u00a0Take\u201d from Player C, and Player B chooses \u201cNot\u00a0Block\u201d, and the co","TertiaryAttribute":null,"Payload":{"QuestionText":"If Player A chooses \u201c<b>Not&nbsp;<\/b><strong>Take<\/strong>\u201d from Player C, and Player B chooses \u201c<b>Not&nbsp;<\/b><strong>Block<\/strong>\u201d, and the cost to Player B for \u201cBlock\u201d is <strong>$1<\/strong>, how much does<br><br><div><ol>\n<\/ol>\n<\/div>","DefaultChoices":false,"DataExportTag":"C3a","QuestionType":"TE","Selector":"FORM","DataVisibility":{"Private":false,"Hidden":false},"Configuration":{"QuestionDescriptionOption":"UseText"},"QuestionDescription":"If Player A chooses \u201cNot\u00a0Take\u201d from Player C, and Player B chooses \u201cNot\u00a0Block\u201d, and the cost to P...","Choices":{"1":{"Display":"Player A earn from the game"},"2":{"Display":"Player B earn from the game"},"3":{"Display":"Player C earn from the game"}},"ChoiceOrder":["1","2","3"],"Validation":{"Settings":{"ForceResponse":"ON","ForceResponseType":"ON","Type":"None"}},"GradingData":[],"Language":[],"NextChoiceId":4,"NextAnswerId":1,"SearchSource":{"AllowFreeResponse":"false"},"QuestionID":"QID65"}},{"SurveyID":"SV_25WU01SUAakwdQp","Element":"SQ","PrimaryAttribute":"QID67","SecondaryAttribute":"If Player A chooses \u201cNot\u00a0Take\u201d from Player C, and Player B chooses \u201cNot\u00a0Block\u201d, and the co","TertiaryAttribute":null,"Payload":{"QuestionText":"If Player A chooses \u201c<span style=\"font-weight: bolder;\">Not&nbsp;<\/span><span style=\"font-weight: bolder;\">Take<\/span>\u201d from Player C, and Player B chooses \u201c<span style=\"font-weight: bolder;\">Not&nbsp;<\/span><span style=\"font-weight: bolder;\">Block<\/span>\u201d, and the cost to Player B for \u201cBlock\u201d is&nbsp;<span style=\"font-weight: bolder;\">$1<\/span>, how much does<br><div>\n\n<\/div>","DefaultChoices":false,"DataExportTag":"C3a","QuestionType":"TE","Selector":"FORM","DataVisibility":{"Private":false,"Hidden":false},"Configuration":{"QuestionDescriptionOption":"UseText"},"QuestionDescription":"If Player A chooses \u201cNot\u00a0Take\u201d from Player C, and Player B chooses \u201cNot\u00a0Block\u201d, and the cost to P...","Choices":{"1":{"Display":"Player A earn from the game"},"2":{"Display":"Player B earn from the game"},"3":{"Display":"Player C earn from the game"}},"ChoiceOrder":["1","2","3"],"Validation":{"Settings":{"ForceResponse":"ON","ForceResponseType":"ON","Type":"CustomValidation","CustomValidation":{"Logic":{"0":{"0":{"QuestionID":"QID67","QuestionIsInLoop":"no","ChoiceLocator":"q:\/\/QID67\/ChoiceTextEntryValue\/3","Operator":"GreaterThanOrEqual","QuestionIDFromLocator":"QID67","LeftOperand":"q:\/\/QID67\/ChoiceTextEntryValue\/3","RightOperand":"0","Type":"Expression","LogicType":"Question","Description":"<span class=\"ConjDesc\">If<\/span> <span class=\"QuestionDesc\">If Player A chooses \u201cNot&nbsp;Take\u201d from Player C, and Player B chooses \u201cNot&nbsp;Block\u201d, and the cost to P...<\/span> <span class=\"LeftOpDesc\">Player C earn from the game<\/span> <span class=\"OpDesc\">Is Greater Than or Equal to<\/span> <span class=\"RightOpDesc\"> 0 <\/span>"},"1":{"QuestionID":"QID67","QuestionIsInLoop":"no","ChoiceLocator":"q:\/\/QID67\/ChoiceTextEntryValue\/2","Operator":"GreaterThanOrEqual","QuestionIDFromLocator":"QID67","LeftOperand":"q:\/\/QID67\/ChoiceTextEntryValue\/2","RightOperand":"0","Type":"Expression","LogicType":"Question","Description":"<span class=\"ConjDesc\">Or<\/span> <span class=\"QuestionDesc\">If Player A chooses \u201cNot&nbsp;Take\u201d from Player C, and Player B chooses \u201cNot&nbsp;Block\u201d, and the cost to P...<\/span> <span class=\"LeftOpDesc\">Player B earn from the game<\/span> <span class=\"OpDesc\">Is Greater Than or Equal to<\/span> <span class=\"RightOpDesc\"> 0 <\/span>","Conjuction":"Or"},"2":{"QuestionID":"QID67","QuestionIsInLoop":"no","ChoiceLocator":"q:\/\/QID67\/ChoiceTextEntryValue\/3","Operator":"GreaterThanOrEqual","QuestionIDFromLocator":"QID67","LeftOperand":"q:\/\/QID67\/ChoiceTextEntryValue\/3","RightOperand":"0","Type":"Expression","LogicType":"Question","Description":"<span class=\"ConjDesc\">Or<\/span> <span class=\"QuestionDesc\">If Player A chooses \u201cNot&nbsp;Take\u201d from Player C, and Player B chooses \u201cNot&nbsp;Block\u201d, and the cost to P...<\/span> <span class=\"LeftOpDesc\">Player C earn from the game<\/span> <span class=\"OpDesc\">Is Greater Than or Equal to<\/span> <span class=\"RightOpDesc\"> 0 <\/span>","Conjuction":"Or"},"Type":"If"},"Type":"BooleanExpression"},"Message":{"messageID":null,"subMessageID":"VE_VALIDNUMBER","libraryID":null,"description":"Require valid number"}}}},"GradingData":[],"Language":[],"NextChoiceId":4,"NextAnswerId":1,"SearchSource":{"AllowFreeResponse":"false"},"QuestionID":"QID67"}},{"SurveyID":"SV_25WU01SUAakwdQp","Element":"SQ","PrimaryAttribute":"QID73","SecondaryAttribute":"If Player A chooses \u201cNot\u00a0Take\u201d from Player C, and Player B chooses \u201cNot\u00a0Block\u201d, and the co","TertiaryAttribute":null,"Payload":{"QuestionText":"If Player A chooses \u201c<span style=\"font-weight: bolder;\">Not&nbsp;<\/span><span style=\"font-weight: bolder;\">Take<\/span>\u201d from Player C, and Player B chooses \u201c<span style=\"font-weight: bolder;\">Not&nbsp;<\/span><span style=\"font-weight: bolder;\">Block<\/span>\u201d, and the cost to Player B for \u201cBlock\u201d is&nbsp;<span style=\"font-weight: bolder;\">$1<\/span>, how much does<br><div>\n\n<\/div>","DefaultChoices":false,"QuestionType":"TE","Selector":"FORM","DataVisibility":{"Private":false,"Hidden":false},"Configuration":{"QuestionDescriptionOption":"UseText"},"QuestionDescription":"If Player A chooses \u201cNot\u00a0Take\u201d from Player C, and Player B chooses \u201cNot\u00a0Block\u201d, and the cost to P...","Choices":{"1":{"Display":"Player A earn from the game"},"2":{"Display":"Player B earn from the game"},"3":{"Display":"Player C earn from the game"}},"ChoiceOrder":["1","2","3"],"Validation":{"Settings":{"ForceResponse":"ON","ForceResponseType":"ON","Type":"CustomValidation","CustomValidation":{"Logic":{"0":{"0":{"QuestionID":"QID73","QuestionIsInLoop":"no","ChoiceLocator":"q:\/\/QID73\/ChoiceTextEntryValue\/1","Operator":"EqualTo","QuestionIDFromLocator":"QID73","LeftOperand":"q:\/\/QID73\/ChoiceTextEntryValue\/1","RightOperand":"3","Type":"Expression","LogicType":"Question","Description":"<span class=\"ConjDesc\">If<\/span> <span class=\"QuestionDesc\">If Player A chooses \u201cNot&nbsp;Take\u201d from Player C, and Player B chooses \u201cNot&nbsp;Block\u201d, and the cost to P...<\/span> <span class=\"LeftOpDesc\">Player A earn from the game<\/span> <span class=\"OpDesc\">Is Equal to<\/span> <span class=\"RightOpDesc\"> 3 <\/span>"},"1":{"QuestionID":"QID73","QuestionIsInLoop":"no","ChoiceLocator":"q:\/\/QID73\/ChoiceTextEntryValue\/2","Operator":"EqualTo","QuestionIDFromLocator":"QID73","LeftOperand":"q:\/\/QID73\/ChoiceTextEntryValue\/2","RightOperand":"6.5","Type":"Expression","LogicType":"Question","Description":"<span class=\"ConjDesc\">Or<\/span> <span class=\"QuestionDesc\">If Player A chooses \u201cNot&nbsp;Take\u201d from Player C, and Player B chooses \u201cNot&nbsp;Block\u201d, and the cost to P...<\/span> <span class=\"LeftOpDesc\">Player B earn from the game<\/span> <span class=\"OpDesc\">Is Equal to<\/span> <span class=\"RightOpDesc\"> 6.5 <\/span>","Conjuction":"Or"},"2":{"QuestionID":"QID73","QuestionIsInLoop":"no","ChoiceLocator":"q:\/\/QID73\/ChoiceTextEntryValue\/3","Operator":"EqualTo","QuestionIDFromLocator":"QID73","LeftOperand":"q:\/\/QID73\/ChoiceTextEntryValue\/3","RightOperand":"3","Type":"Expression","LogicType":"Question","Description":"<span class=\"ConjDesc\">Or<\/span> <span class=\"QuestionDesc\">If Player A chooses \u201cNot&nbsp;Take\u201d from Player C, and Player B chooses \u201cNot&nbsp;Block\u201d, and the cost to P...<\/span> <span class=\"LeftOpDesc\">Player C earn from the game<\/span> <span class=\"OpDesc\">Is Equal to<\/span> <span class=\"RightOpDesc\"> 3 <\/span>","Conjuction":"Or"},"Type":"If"},"Type":"BooleanExpression"},"Message":{"messageID":null,"subMessageID":"VE_VALIDNUMBER","libraryID":null,"description":"Require valid number"}}}},"GradingData":[],"Language":[],"NextChoiceId":4,"NextAnswerId":1,"SearchSource":{"AllowFreeResponse":"false"},"QuestionText_Unsafe":"If Player A chooses \u201c<span style=\"font-weight: bolder;\">Not&nbsp;<\/span><span style=\"font-weight: bolder;\">Take<\/span>\u201d from Player C, and Player B chooses \u201c<span style=\"font-weight: bolder;\">Not&nbsp;<\/span><span style=\"font-weight: bolder;\">Block<\/span>\u201d, and the cost to Player B for \u201cBlock\u201d is&nbsp;<span style=\"font-weight: bolder;\">$1<\/span>, how much does<br><div>\n\n<\/div>","DataExportTag":"C3b","QuestionID":"QID73"}},{"SurveyID":"SV_25WU01SUAakwdQp","Element":"SQ","PrimaryAttribute":"QID61","SecondaryAttribute":"If Player A chooses \u201cTake $3\u201d from Player C, and Player B chooses \u201cBlock\u201d, and the cost to P","TertiaryAttribute":null,"Payload":{"QuestionText":"If Player A chooses \u201c<strong>Take $3<\/strong>\u201d from Player C, and Player B chooses \u201c<strong>Block<\/strong>\u201d, and the cost to Player B for \u201cBlock\u201d is <strong>$1<\/strong>, how much does<br><br><div><ol>\n<\/ol>\n<\/div>","DefaultChoices":false,"DataExportTag":"C1a","QuestionID":"QID61","QuestionType":"TE","Selector":"FORM","Configuration":{"QuestionDescriptionOption":"UseText"},"QuestionDescription":"If Player A chooses \u201cTake $3\u201d from Player C, and Player B chooses \u201cBlock\u201d, and the cost to Player...","Choices":{"1":{"Display":"Player A earn from the game"},"2":{"Display":"Player B earn from the game"},"3":{"Display":"Player C earn from the game"}},"ChoiceOrder":["1","2","3"],"Validation":{"Settings":{"ForceResponse":"ON","ForceResponseType":"ON","Type":"CustomValidation","CustomValidation":{"Logic":{"0":{"0":{"QuestionID":"QID61","QuestionIsInLoop":"no","ChoiceLocator":"q:\/\/QID61\/ChoiceTextEntryValue\/1","Operator":"GreaterThanOrEqual","QuestionIDFromLocator":"QID61","LeftOperand":"q:\/\/QID61\/ChoiceTextEntryValue\/1","RightOperand":"0","Type":"Expression","LogicType":"Question","Description":"<span class=\"ConjDesc\">If<\/span> <span class=\"QuestionDesc\">If Player A chooses \u201cTake $3\u201d from Player C, and Player B chooses \u201cBlock\u201d, and the cost to Player...<\/span> <span class=\"LeftOpDesc\">Player A earn from the game<\/span> <span class=\"OpDesc\">Is Greater Than or Equal to<\/span> <span class=\"RightOpDesc\"> 0 <\/span>"},"1":{"QuestionID":"QID61","QuestionIsInLoop":"no","ChoiceLocator":"q:\/\/QID61\/ChoiceTextEntryValue\/2","Operator":"GreaterThanOrEqual","QuestionIDFromLocator":"QID61","LeftOperand":"q:\/\/QID61\/ChoiceTextEntryValue\/2","RightOperand":"0","Type":"Expression","LogicType":"Question","Description":"<span class=\"ConjDesc\">Or<\/span> <span class=\"QuestionDesc\">If Player A chooses \u201cTake $3\u201d from Player C, and Player B chooses \u201cBlock\u201d, and the cost to Player...<\/span> <span class=\"LeftOpDesc\">Player B earn from the game<\/span> <span class=\"OpDesc\">Is Greater Than or Equal to<\/span> <span class=\"RightOpDesc\"> 0 <\/span>","Conjuction":"Or"},"2":{"QuestionID":"QID61","QuestionIsInLoop":"no","ChoiceLocator":"q:\/\/QID61\/ChoiceTextEntryValue\/3","Operator":"GreaterThanOrEqual","QuestionIDFromLocator":"QID61","LeftOperand":"q:\/\/QID61\/ChoiceTextEntryValue\/3","RightOperand":"0","Type":"Expression","LogicType":"Question","Description":"<span class=\"ConjDesc\">Or<\/span> <span class=\"QuestionDesc\">If Player A chooses \u201cTake $3\u201d from Player C, and Player B chooses \u201cBlock\u201d, and the cost to Player...<\/span> <span class=\"LeftOpDesc\">Player C earn from the game<\/span> <span class=\"OpDesc\">Is Greater Than or Equal to<\/span> <span class=\"RightOpDesc\"> 0 <\/span>","Conjuction":"Or"},"Type":"If"},"Type":"BooleanExpression"},"Message":{"messageID":null,"subMessageID":"VE_VALIDNUMBER","libraryID":null,"description":"Require valid number"}}}},"GradingData":[],"Language":[],"NextChoiceId":4,"NextAnswerId":1,"SearchSource":{"AllowFreeResponse":"false"},"DataVisibility":{"Private":false,"Hidden":false}}},{"SurveyID":"SV_25WU01SUAakwdQp","Element":"SQ","PrimaryAttribute":"QID71","SecondaryAttribute":"If Player A chooses \u201cTake $3\u201d from Player C, and Player B chooses \u201cBlock\u201d, and the cost to P","TertiaryAttribute":null,"Payload":{"QuestionText":"If Player A chooses \u201c<strong>Take $3<\/strong>\u201d from Player C, and Player B chooses \u201c<strong>Block<\/strong>\u201d, and the cost to Player B for \u201cBlock\u201d is <strong>$1<\/strong>, how much does<br><br><div><ol>\n<\/ol>\n<\/div>","DefaultChoices":false,"QuestionType":"TE","Selector":"FORM","Configuration":{"QuestionDescriptionOption":"UseText"},"QuestionDescription":"If Player A chooses \u201cTake $3\u201d from Player C, and Player B chooses \u201cBlock\u201d, and the cost to Player...","Choices":{"1":{"Display":"Player A earn from the game"},"2":{"Display":"Player B earn from the game"},"3":{"Display":"Player C earn from the game"}},"ChoiceOrder":["1","2","3"],"Validation":{"Settings":{"ForceResponse":"ON","ForceResponseType":"ON","Type":"CustomValidation","CustomValidation":{"Logic":{"0":{"0":{"QuestionID":"QID71","QuestionIsInLoop":"no","ChoiceLocator":"q:\/\/QID71\/ChoiceTextEntryValue\/1","Operator":"EqualTo","QuestionIDFromLocator":"QID71","LeftOperand":"q:\/\/QID71\/ChoiceTextEntryValue\/1","RightOperand":"3","Type":"Expression","LogicType":"Question","Description":"<span class=\"ConjDesc\">If<\/span> <span class=\"QuestionDesc\">If Player A chooses \u201cTake $3\u201d from Player C, and Player B chooses \u201cBlock\u201d, and the cost to Player...<\/span> <span class=\"LeftOpDesc\">Player A earn from the game<\/span> <span class=\"OpDesc\">Is Equal to<\/span> <span class=\"RightOpDesc\"> 3 <\/span>"},"1":{"QuestionID":"QID71","QuestionIsInLoop":"no","ChoiceLocator":"q:\/\/QID71\/ChoiceTextEntryValue\/2","Operator":"EqualTo","QuestionIDFromLocator":"QID71","LeftOperand":"q:\/\/QID71\/ChoiceTextEntryValue\/2","RightOperand":"5.5","Type":"Expression","LogicType":"Question","Description":"<span class=\"ConjDesc\">Or<\/span> <span class=\"QuestionDesc\">If Player A chooses \u201cTake $3\u201d from Player C, and Player B chooses \u201cBlock\u201d, and the cost to Player...<\/span> <span class=\"LeftOpDesc\">Player B earn from the game<\/span> <span class=\"OpDesc\">Is Equal to<\/span> <span class=\"RightOpDesc\"> 5.5 <\/span>","Conjuction":"Or"},"2":{"QuestionID":"QID71","QuestionIsInLoop":"no","ChoiceLocator":"q:\/\/QID71\/ChoiceTextEntryValue\/3","Operator":"EqualTo","QuestionIDFromLocator":"QID71","LeftOperand":"q:\/\/QID71\/ChoiceTextEntryValue\/3","RightOperand":"3","Type":"Expression","LogicType":"Question","Description":"<span class=\"ConjDesc\">Or<\/span> <span class=\"QuestionDesc\">If Player A chooses \u201cTake $3\u201d from Player C, and Player B chooses \u201cBlock\u201d, and the cost to Player...<\/span> <span class=\"LeftOpDesc\">Player C earn from the game<\/span> <span class=\"OpDesc\">Is Equal to<\/span> <span class=\"RightOpDesc\"> 3 <\/span>","Conjuction":"Or"},"Type":"If"},"Type":"BooleanExpression"},"Message":{"messageID":null,"subMessageID":"VE_VALIDNUMBER","libraryID":null,"description":"Require valid number"}}}},"GradingData":[],"Language":[],"NextChoiceId":4,"NextAnswerId":1,"SearchSource":{"AllowFreeResponse":"false"},"QuestionText_Unsafe":"If Player A chooses \u201c<strong>Take $3<\/strong>\u201d from Player C, and Player B chooses \u201c<strong>Block<\/strong>\u201d, and the cost to Player B for \u201cBlock\u201d is <strong>$1<\/strong>, how much does<br><br><div><ol>\n<\/ol>\n<\/div>","DataExportTag":"C1b","QuestionID":"QID71","DataVisibility":{"Private":false,"Hidden":false}}},{"SurveyID":"SV_25WU01SUAakwdQp","Element":"SQ","PrimaryAttribute":"QID64","SecondaryAttribute":"If Player A chooses \u201cTake $3\u201d from Player C, and Player B chooses \u201cNot\u00a0Block\u201d, and the cost","TertiaryAttribute":null,"Payload":{"QuestionText":"If Player A chooses \u201c<strong>Take $3<\/strong>\u201d from Player C, and Player B chooses \u201c<b>Not&nbsp;<\/b><strong>Block<\/strong>\u201d, and the cost to Player B for \u201cBlock\u201d is <strong>$1<\/strong>, how much does<br><br><div><ol>\n<\/ol>\n<\/div>","DefaultChoices":false,"DataExportTag":"C2a","QuestionType":"TE","Selector":"FORM","DataVisibility":{"Private":false,"Hidden":false},"Configuration":{"QuestionDescriptionOption":"UseText"},"QuestionDescription":"If Player A chooses \u201cTake $3\u201d from Player C, and Player B chooses \u201cNot\u00a0Block\u201d, and the cost to Pl...","Choices":{"1":{"Display":"Player A earn from the game"},"2":{"Display":"Player B earn from the game"},"3":{"Display":"Player C earn from the game"}},"ChoiceOrder":["1","2","3"],"Validation":{"Settings":{"ForceResponse":"ON","ForceResponseType":"ON","Type":"None"}},"GradingData":[],"Language":[],"NextChoiceId":4,"NextAnswerId":1,"SearchSource":{"AllowFreeResponse":"false"},"QuestionID":"QID64"}},{"SurveyID":"SV_25WU01SUAakwdQp","Element":"SQ","PrimaryAttribute":"QID66","SecondaryAttribute":"If Player A chooses \u201cTake $3\u201d from Player C, and Player B chooses \u201cNot\u00a0Block\u201d, and the cost","TertiaryAttribute":null,"Payload":{"QuestionText":"If Player A chooses \u201c<span style=\"font-weight: bolder;\">Take $3<\/span>\u201d from Player C, and Player B chooses \u201c<span style=\"font-weight: bolder;\">Not&nbsp;<\/span><span style=\"font-weight: bolder;\">Block<\/span>\u201d, and the cost to Player B for \u201cBlock\u201d is&nbsp;<span style=\"font-weight: bolder;\">$1<\/span>, how much does<br><div>\n\n<\/div>","DefaultChoices":false,"DataExportTag":"C2a","QuestionType":"TE","Selector":"FORM","DataVisibility":{"Private":false,"Hidden":false},"Configuration":{"QuestionDescriptionOption":"UseText"},"QuestionDescription":"If Player A chooses \u201cTake $3\u201d from Player C, and Player B chooses \u201cNot\u00a0Block\u201d, and the cost to Pl...","Choices":{"1":{"Display":"Player A earn from the game"},"2":{"Display":"Player B earn from the game"},"3":{"Display":"Player C earn from the game"}},"ChoiceOrder":["1","2","3"],"Validation":{"Settings":{"ForceResponse":"ON","ForceResponseType":"ON","Type":"CustomValidation","CustomValidation":{"Logic":{"0":{"0":{"QuestionID":"QID66","QuestionIsInLoop":"no","ChoiceLocator":"q:\/\/QID66\/ChoiceTextEntryValue\/1","Operator":"GreaterThanOrEqual","QuestionIDFromLocator":"QID66","LeftOperand":"q:\/\/QID66\/ChoiceTextEntryValue\/1","RightOperand":"0","Type":"Expression","LogicType":"Question","Description":"<span class=\"ConjDesc\">If<\/span> <span class=\"QuestionDesc\">If Player A chooses \u201cTake $3\u201d from Player C, and Player B chooses \u201cNot&nbsp;Block\u201d, and the cost to Pl...<\/span> <span class=\"LeftOpDesc\">Player A earn from the game<\/span> <span class=\"OpDesc\">Is Greater Than or Equal to<\/span> <span class=\"RightOpDesc\"> 0 <\/span>"},"1":{"QuestionID":"QID66","QuestionIsInLoop":"no","ChoiceLocator":"q:\/\/QID66\/ChoiceTextEntryValue\/2","Operator":"GreaterThanOrEqual","QuestionIDFromLocator":"QID66","LeftOperand":"q:\/\/QID66\/ChoiceTextEntryValue\/2","RightOperand":"0","Type":"Expression","LogicType":"Question","Description":"<span class=\"ConjDesc\">Or<\/span> <span class=\"QuestionDesc\">If Player A chooses \u201cTake $3\u201d from Player C, and Player B chooses \u201cNot&nbsp;Block\u201d, and the cost to Pl...<\/span> <span class=\"LeftOpDesc\">Player B earn from the game<\/span> <span class=\"OpDesc\">Is Greater Than or Equal to<\/span> <span class=\"RightOpDesc\"> 0 <\/span>","Conjuction":"Or"},"2":{"QuestionID":"QID66","QuestionIsInLoop":"no","ChoiceLocator":"q:\/\/QID66\/ChoiceTextEntryValue\/3","Operator":"GreaterThanOrEqual","QuestionIDFromLocator":"QID66","LeftOperand":"q:\/\/QID66\/ChoiceTextEntryValue\/3","RightOperand":"0","Type":"Expression","LogicType":"Question","Description":"<span class=\"ConjDesc\">Or<\/span> <span class=\"QuestionDesc\">If Player A chooses \u201cTake $3\u201d from Player C, and Player B chooses \u201cNot&nbsp;Block\u201d, and the cost to Pl...<\/span> <span class=\"LeftOpDesc\">Player C earn from the game<\/span> <span class=\"OpDesc\">Is Greater Than or Equal to<\/span> <span class=\"RightOpDesc\"> 0 <\/span>","Conjuction":"Or"},"Type":"If"},"Type":"BooleanExpression"},"Message":{"messageID":null,"subMessageID":"VE_VALIDNUMBER","libraryID":null,"description":"Require valid number"}}}},"GradingData":[],"Language":[],"NextChoiceId":4,"NextAnswerId":1,"SearchSource":{"AllowFreeResponse":"false"},"QuestionID":"QID66"}},{"SurveyID":"SV_25WU01SUAakwdQp","Element":"SQ","PrimaryAttribute":"QID72","SecondaryAttribute":"If Player A chooses \u201cTake $3\u201d from Player C, and Player B chooses \u201cNot\u00a0Block\u201d, and the cost","TertiaryAttribute":null,"Payload":{"QuestionText":"If Player A chooses \u201c<span style=\"font-weight: bolder;\">Take $3<\/span>\u201d from Player C, and Player B chooses \u201c<span style=\"font-weight: bolder;\">Not&nbsp;<\/span><span style=\"font-weight: bolder;\">Block<\/span>\u201d, and the cost to Player B for \u201cBlock\u201d is&nbsp;<span style=\"font-weight: bolder;\">$1<\/span>, how much does<br><div>\n\n<\/div>","DefaultChoices":false,"QuestionType":"TE","Selector":"FORM","DataVisibility":{"Private":false,"Hidden":false},"Configuration":{"QuestionDescriptionOption":"UseText"},"QuestionDescription":"If Player A chooses \u201cTake $3\u201d from Player C, and Player B chooses \u201cNot\u00a0Block\u201d, and the cost to Pl...","Choices":{"1":{"Display":"Player A earn from the game"},"2":{"Display":"Player B earn from the game"},"3":{"Display":"Player C earn from the game"}},"ChoiceOrder":["1","2","3"],"Validation":{"Settings":{"ForceResponse":"ON","ForceResponseType":"ON","Type":"CustomValidation","CustomValidation":{"Logic":{"0":{"0":{"QuestionID":"QID72","QuestionIsInLoop":"no","ChoiceLocator":"q:\/\/QID72\/ChoiceTextEntryValue\/1","Operator":"EqualTo","QuestionIDFromLocator":"QID72","LeftOperand":"q:\/\/QID72\/ChoiceTextEntryValue\/1","RightOperand":"6","Type":"Expression","LogicType":"Question","Description":"<span class=\"ConjDesc\">If<\/span> <span class=\"QuestionDesc\">If Player A chooses \u201cTake $3\u201d from Player C, and Player B chooses \u201cNot&nbsp;Block\u201d, and the cost to Pl...<\/span> <span class=\"LeftOpDesc\">Player A earn from the game<\/span> <span class=\"OpDesc\">Is Equal to<\/span> <span class=\"RightOpDesc\"> 6 <\/span>"},"1":{"QuestionID":"QID72","QuestionIsInLoop":"no","ChoiceLocator":"q:\/\/QID72\/ChoiceTextEntryValue\/2","Operator":"EqualTo","QuestionIDFromLocator":"QID72","LeftOperand":"q:\/\/QID72\/ChoiceTextEntryValue\/2","RightOperand":"6.5","Type":"Expression","LogicType":"Question","Description":"<span class=\"ConjDesc\">Or<\/span> <span class=\"QuestionDesc\">If Player A chooses \u201cTake $3\u201d from Player C, and Player B chooses \u201cNot&nbsp;Block\u201d, and the cost to Pl...<\/span> <span class=\"LeftOpDesc\">Player B earn from the game<\/span> <span class=\"OpDesc\">Is Equal to<\/span> <span class=\"RightOpDesc\"> 6.5 <\/span>","Conjuction":"Or"},"2":{"QuestionID":"QID72","QuestionIsInLoop":"no","ChoiceLocator":"q:\/\/QID72\/ChoiceTextEntryValue\/3","Operator":"EqualTo","QuestionIDFromLocator":"QID72","LeftOperand":"q:\/\/QID72\/ChoiceTextEntryValue\/3","RightOperand":"0","Type":"Expression","LogicType":"Question","Description":"<span class=\"ConjDesc\">Or<\/span> <span class=\"QuestionDesc\">If Player A chooses \u201cTake $3\u201d from Player C, and Player B chooses \u201cNot&nbsp;Block\u201d, and the cost to Pl...<\/span> <span class=\"LeftOpDesc\">Player C earn from the game<\/span> <span class=\"OpDesc\">Is Equal to<\/span> <span class=\"RightOpDesc\"> 0 <\/span>","Conjuction":"Or"},"Type":"If"},"Type":"BooleanExpression"},"Message":{"messageID":null,"subMessageID":"VE_VALIDNUMBER","libraryID":null,"description":"Require valid number"}}}},"GradingData":[],"Language":[],"NextChoiceId":4,"NextAnswerId":1,"SearchSource":{"AllowFreeResponse":"false"},"QuestionText_Unsafe":"If Player A chooses \u201c<span style=\"font-weight: bolder;\">Take $3<\/span>\u201d from Player C, and Player B chooses \u201c<span style=\"font-weight: bolder;\">Not&nbsp;<\/span><span style=\"font-weight: bolder;\">Block<\/span>\u201d, and the cost to Player B for \u201cBlock\u201d is&nbsp;<span style=\"font-weight: bolder;\">$1<\/span>, how much does<br><div>\n\n<\/div>","DataExportTag":"C2b","QuestionID":"QID72"}},{"SurveyID":"SV_25WU01SUAakwdQp","Element":"SQ","PrimaryAttribute":"QID75","SecondaryAttribute":"If you were in the role of Player A:","TertiaryAttribute":null,"Payload":{"QuestionText":"If you were in the role of <b>Player A<\/b>:","DataExportTag":"Dec_PA","QuestionType":"MC","Selector":"SAVR","SubSelector":"TX","Configuration":{"QuestionDescriptionOption":"UseText"},"QuestionDescription":"If you were in the role of Player A:","Choices":{"1":{"Display":"I would take $3 from Player C"},"2":{"Display":"I would <u>not<\/u> take $3 from Player C"}},"ChoiceOrder":["1","2"],"Validation":{"Settings":{"ForceResponse":"ON","ForceResponseType":"ON","Type":"None"}},"Language":[],"NextChoiceId":4,"NextAnswerId":1,"QuestionID":"QID75","Randomization":{"Advanced":null,"Type":"All","TotalRandSubset":""}}},{"SurveyID":"SV_25WU01SUAakwdQp","Element":"SQ","PrimaryAttribute":"QID76","SecondaryAttribute":"If you were in the role of Player B and Player A decided to take $3 from Player C:","TertiaryAttribute":null,"Payload":{"QuestionText":"If you were in the role of <b>Player B<\/b> and <b>Player A decided to take $3 from Player C<\/b>:","DataExportTag":"Dec_PB","QuestionType":"MC","Selector":"SAVR","SubSelector":"TX","Configuration":{"QuestionDescriptionOption":"UseText"},"QuestionDescription":"If you were in the role of Player B and Player A decided to take $3 from Player C:","Choices":{"1":{"Display":"I would block Player A's attempt at a cost of $1 to me"},"2":{"Display":"I would <u>not<\/u> block Player A&#39;s attempt at a cost of $1 to me"}},"ChoiceOrder":["1","2"],"Validation":{"Settings":{"ForceResponse":"ON","ForceResponseType":"ON","Type":"None"}},"Language":[],"NextChoiceId":4,"NextAnswerId":1,"QuestionID":"QID76","Randomization":{"Advanced":null,"Type":"All","TotalRandSubset":""}}},{"SurveyID":"SV_25WU01SUAakwdQp","Element":"SQ","PrimaryAttribute":"QID58","SecondaryAttribute":"In what follows, we describe a hypothetical experiment to you. Please read the instructions caref...","TertiaryAttribute":null,"Payload":{"QuestionText":"<strong>In what follows, we describe a hypothetical experiment to you. Please read the instructions carefully:<\/strong><br \/>\n<br \/>\nIn this experiment there is a Player A, a Player B, and a Player C.\n<ul dir=\"ltr\">\n\t<li>Player A starts with $3.<\/li>\n\t<li>Player B starts with $6.50<\/li>\n\t<li>Player C starts with $3.<\/li>\n<\/ul>\n<br \/>\n<br \/>\n<u>1st Move: Decision of Player A<\/u><br \/>\n<br \/>\nPlayer A makes the first decision. Player A can &ldquo;Take $3&rdquo; from Player C or &ldquo;Take $0&rdquo; from Player C.<br \/>\n<br \/>\n<br \/>\n<u>2nd Move: Decision of Player B<\/u><br \/>\n<br \/>\nPlayer B makes the second decision. If Player A chooses to &ldquo;Take $3&rdquo; from Player C, Player B can &ldquo;Block&rdquo; Player A or &ldquo;Not Block&rdquo; Player A.\n<ul>\n\t<li>If Player B chooses to &ldquo;Block&rdquo; Player A from taking money from Player C, Player A will not be able to take any money from Player C.<\/li>\n\t<li>If Player B chooses to &ldquo;Block&rdquo; Player A from taking money from Player C, Player B will incur a cost. The cost to &ldquo;Block&rdquo; Player A can be between $0.50 and $3.50 (in $0.50 steps)<\/li>\n\t<li>If Player B chooses to &ldquo;Not Block&rdquo; Player A from taking money from Player C, Player A will be able to take money from Player C.<\/li>\n<\/ul>","DefaultChoices":false,"DataExportTag":"Instructions","QuestionID":"QID58","QuestionType":"DB","Selector":"TB","DataVisibility":{"Private":false,"Hidden":false},"Configuration":{"QuestionDescriptionOption":"UseText"},"QuestionDescription":"In what follows, we describe a hypothetical experiment to you. Please read the instructions caref...","ChoiceOrder":[],"Validation":{"Settings":{"Type":"None"}},"GradingData":[],"Language":[],"NextChoiceId":4,"NextAnswerId":1}},{"SurveyID":"SV_25WU01SUAakwdQp","Element":"SQ","PrimaryAttribute":"QID20","SecondaryAttribute":"Optional: If you have any comments please feel free to write them here, thank you!","TertiaryAttribute":null,"Payload":{"QuestionText":"Optional: <br>If you have any comments please feel free to write them here, thank you!","DefaultChoices":false,"DataExportTag":"Q36","QuestionType":"TE","Selector":"SL","DataVisibility":{"Private":false,"Hidden":false},"Configuration":{"QuestionDescriptionOption":"UseText","InputWidth":680,"InputHeight":30},"QuestionDescription":"Optional: If you have any comments please feel free to write them here, thank you!","Validation":{"Settings":{"ForceResponse":"OFF","ForceResponseType":"ON","Type":"None"}},"GradingData":[],"Language":[],"NextChoiceId":1,"NextAnswerId":1,"QuestionID":"QID20"}},{"SurveyID":"SV_25WU01SUAakwdQp","Element":"SQ","PrimaryAttribute":"QID26","SecondaryAttribute":"Please confirm","TertiaryAttribute":null,"Payload":{"QuestionText":"Please confirm","DefaultChoices":false,"DataExportTag":"Captcha","QuestionType":"Captcha","Selector":"V2","Configuration":{"QuestionDescriptionOption":"UseText","Align":"center","Theme":"light"},"QuestionDescription":"Please confirm","GradingData":[],"Language":[],"NextChoiceId":4,"NextAnswerId":1,"QuestionID":"QID26","DataVisibility":{"Private":false,"Hidden":false}}},{"SurveyID":"SV_25WU01SUAakwdQp","Element":"SQ","PrimaryAttribute":"QID77","SecondaryAttribute":"Please provide reasoning for your decision.","TertiaryAttribute":null,"Payload":{"QuestionText":"Please provide reasoning for your decision.","DefaultChoices":false,"DataExportTag":"Dec_PA_reasoning","QuestionType":"TE","Selector":"ML","Configuration":{"QuestionDescriptionOption":"UseText","InputWidth":569,"InputHeight":93},"QuestionDescription":"Please provide reasoning for your decision.","Validation":{"Settings":{"ForceResponse":"ON","ForceResponseType":"ON","Type":"MinChar","MinChars":"15"}},"GradingData":[],"Language":[],"NextChoiceId":4,"NextAnswerId":1,"SearchSource":{"AllowFreeResponse":"false"},"QuestionID":"QID77"}},{"SurveyID":"SV_25WU01SUAakwdQp","Element":"SQ","PrimaryAttribute":"QID78","SecondaryAttribute":"Please provide reasoning for your decision. ","TertiaryAttribute":null,"Payload":{"QuestionText":"Please provide reasoning for your decision.&nbsp;","DefaultChoices":false,"DataExportTag":"Dec_PB_reasoning","QuestionType":"TE","Selector":"ML","Configuration":{"QuestionDescriptionOption":"UseText","InputWidth":575,"InputHeight":107},"QuestionDescription":"Please provide reasoning for your decision. ","Validation":{"Settings":{"ForceResponse":"ON","ForceResponseType":"ON","Type":"MinChar","MinChars":"15"}},"GradingData":[],"Language":[],"NextChoiceId":4,"NextAnswerId":1,"SearchSource":{"AllowFreeResponse":"false"},"QuestionID":"QID78"}},{"SurveyID":"SV_25WU01SUAakwdQp","Element":"SQ","PrimaryAttribute":"QID68","SecondaryAttribute":"Please type in numbers only.","TertiaryAttribute":null,"Payload":{"QuestionText":"<span style=\"color: rgb(0, 0, 0); font-size: 16px; white-space: pre-wrap;\"><i>Please type in numbers only.<\/i><\/span>","DefaultChoices":false,"DataExportTag":"Q68","QuestionID":"QID68","QuestionType":"DB","Selector":"TB","Configuration":{"QuestionDescriptionOption":"UseText"},"QuestionDescription":"Please type in numbers only.","ChoiceOrder":[],"Validation":{"Settings":{"Type":"None"}},"GradingData":[],"Language":[],"NextChoiceId":4,"NextAnswerId":1}},{"SurveyID":"SV_25WU01SUAakwdQp","Element":"SQ","PrimaryAttribute":"QID70","SecondaryAttribute":"Please type in numbers only.","TertiaryAttribute":null,"Payload":{"QuestionText":"<span style=\"color: rgb(0, 0, 0); font-size: 16px; white-space: pre-wrap;\"><i>Please type in numbers only.<\/i><\/span>","DefaultChoices":false,"QuestionType":"DB","Selector":"TB","Configuration":{"QuestionDescriptionOption":"UseText"},"QuestionDescription":"Please type in numbers only.","ChoiceOrder":[],"Validation":{"Settings":{"Type":"None"}},"GradingData":[],"Language":[],"NextChoiceId":4,"NextAnswerId":1,"QuestionText_Unsafe":"<span style=\"color: rgb(0, 0, 0); font-size: 16px; white-space: pre-wrap;\"><i>Please type in numbers only.<\/i><\/span>","DataExportTag":"Q70","QuestionID":"QID70"}},{"SurveyID":"SV_25WU01SUAakwdQp","Element":"SQ","PrimaryAttribute":"QID18","SecondaryAttribute":"So that individual payments can be made, please enter your Amazon Mechanical Turk Worker ID. (Thi...","TertiaryAttribute":null,"Payload":{"QuestionText":"So that individual payments can be made, please enter your Amazon Mechanical Turk Worker ID. (This number can be found on your worker Dashboard)<br><br>&nbsp;Type carefully. If your Worker ID is entered incorrectly, additional earnings may not be received.<br><br>Worker ID:","DefaultChoices":false,"DataExportTag":"Q32","QuestionType":"TE","Selector":"SL","DataVisibility":{"Private":false,"Hidden":false},"Configuration":{"QuestionDescriptionOption":"UseText","InputWidth":380,"InputHeight":30},"QuestionDescription":"So that individual payments can be made, please enter your Amazon Mechanical Turk Worker ID. (Thi...","Validation":{"Settings":{"ForceResponse":"ON","ForceResponseType":"ON","Type":"MinChar","MinChars":"10"}},"GradingData":[],"Language":[],"NextChoiceId":1,"NextAnswerId":1,"QuestionID":"QID18"}},{"SurveyID":"SV_25WU01SUAakwdQp","Element":"SQ","PrimaryAttribute":"QID60","SecondaryAttribute":"To be sure that every participant understands the procedure, we would like you to answer the foll...","TertiaryAttribute":null,"Payload":{"QuestionText":"To be sure that every participant understands the procedure, we would like you to answer the following questions. Failure to answer the comprehension questions correctly can lead to exclusion from the experiment at no pay.<br>\n<br>\n<br>\n<u>Please keep the structure of the experiment in mind<\/u>:<br>\n&nbsp;<br>\n<img height=\"440\" src=\"https:\/\/upenn.co1.qualtrics.com\/CP\/Graphic.php?IM=IM_bHGcwlD1ALEmKnH\" style=\"width: 700px; height: 440px;\" width=\"700\">","DefaultChoices":false,"DataExportTag":"C1_explanation","QuestionID":"QID60","QuestionType":"DB","Selector":"TB","Configuration":{"QuestionDescriptionOption":"UseText"},"QuestionDescription":"To be sure that every participant understands the procedure, we would like you to answer the foll...","ChoiceOrder":[],"Validation":{"Settings":{"Type":"None"}},"GradingData":[],"Language":[],"NextChoiceId":4,"NextAnswerId":1,"DataVisibility":{"Private":false,"Hidden":false}}},{"SurveyID":"SV_25WU01SUAakwdQp","Element":"SQ","PrimaryAttribute":"QID74","SecondaryAttribute":"Two hypothetical questions:\u00a0","TertiaryAttribute":null,"Payload":{"QuestionText":"<b>Two hypothetical questions:&nbsp;<\/b>","DefaultChoices":false,"DataExportTag":"Q30","QuestionType":"DB","Selector":"TB","Configuration":{"QuestionDescriptionOption":"UseText"},"QuestionDescription":"Two hypothetical questions:\u00a0","ChoiceOrder":[],"Validation":{"Settings":{"Type":"None"}},"GradingData":[],"Language":[],"NextChoiceId":4,"NextAnswerId":1,"QuestionID":"QID74"}},{"SurveyID":"SV_25WU01SUAakwdQp","Element":"SQ","PrimaryAttribute":"QID9","SecondaryAttribute":"What is the highest level of school you have completed or the highest degree you have received? ","TertiaryAttribute":null,"Payload":{"QuestionText":"What is the highest level of school you have completed or the highest degree you have received?&nbsp;","DataExportTag":"Education","QuestionType":"MC","Selector":"SAVR","SubSelector":"TX","DataVisibility":{"Private":false,"Hidden":false},"Configuration":{"QuestionDescriptionOption":"UseText"},"QuestionDescription":"What is the highest level of school you have completed or the highest degree you have received? ","Choices":{"1":{"Display":"Less than high school degree"},"2":{"Display":"High school graduate (high school diploma or equivalent including GED)"},"3":{"Display":"Some college but no degree"},"4":{"Display":"College degree"},"7":{"Display":"Doctoral degree"},"8":{"Display":"Professional degree (JD, MD)"}},"ChoiceOrder":[1,2,3,4,7,8],"Validation":{"Settings":{"ForceResponse":"ON","ForceResponseType":"ON","Type":"None"}},"Language":[],"NextChoiceId":9,"NextAnswerId":1,"QuestionID":"QID9"}},{"SurveyID":"SV_25WU01SUAakwdQp","Element":"SQ","PrimaryAttribute":"QID8","SecondaryAttribute":"What is your gender?","TertiaryAttribute":null,"Payload":{"QuestionText":"What is your gender?","DataExportTag":"Gender","QuestionType":"MC","Selector":"SAVR","SubSelector":"TX","DataVisibility":{"Private":false,"Hidden":false},"Configuration":{"QuestionDescriptionOption":"UseText"},"QuestionDescription":"What is your gender?","Choices":{"1":{"Display":"Male"},"2":{"Display":"Female"}},"ChoiceOrder":[1,2],"Randomization":{"Advanced":null,"Type":"All","TotalRandSubset":""},"Validation":{"Settings":{"ForceResponse":"ON","ForceResponseType":"ON","Type":"None"}},"Language":[],"NextChoiceId":3,"NextAnswerId":1,"QuestionID":"QID8"}},{"SurveyID":"SV_25WU01SUAakwdQp","Element":"SQ","PrimaryAttribute":"QID16","SecondaryAttribute":"What is your general opinion of charitable organizations? '1' = I do not support the work of char...","TertiaryAttribute":null,"Payload":{"QuestionText":"What is your general opinion of charitable organizations?<div><br><div>'1' = I do not support the work of charitable organizations.<\/div><div>'10' = I fully support the work of charitable organizations.&nbsp;<\/div><\/div>","DefaultChoices":false,"DataExportTag":"Opinion_charities","QuestionType":"Slider","Selector":"HSLIDER","DataVisibility":{"Private":false,"Hidden":false},"Configuration":{"QuestionDescriptionOption":"UseText","CSSliderMin":1,"CSSliderMax":10,"GridLines":9,"SnapToGrid":false,"NumDecimals":"0","ShowValue":true,"CustomStart":false,"NotApplicable":false,"MobileFirst":true},"QuestionDescription":"What is your general opinion of charitable organizations? '1' = I do not support the work of char...","Choices":{"4":{"Display":"General Opinion of Charities"}},"ChoiceOrder":["4"],"Validation":{"Settings":{"ForceResponse":"ON","ForceResponseType":"ON","Type":"None"}},"GradingData":[],"Language":[],"NextChoiceId":5,"NextAnswerId":1,"Labels":[],"QuestionID":"QID16"}},{"SurveyID":"SV_25WU01SUAakwdQp","Element":"SQ","PrimaryAttribute":"QID23","SecondaryAttribute":"What is your general opinion of the Doctors Without Borders? '1' = I do not support the work of D...","TertiaryAttribute":null,"Payload":{"QuestionText":"What is your general opinion of the Doctors Without Borders?<div><br><div>'1' = I do not support the work of Doctors Without Borders.<\/div><div>'10' = I fully support the work of Doctors Without Borders.&nbsp;<\/div><\/div>","DefaultChoices":false,"DataExportTag":"Opinion_DWB","QuestionType":"Slider","Selector":"HSLIDER","DataVisibility":{"Private":false,"Hidden":false},"Configuration":{"QuestionDescriptionOption":"UseText","CSSliderMin":1,"CSSliderMax":10,"GridLines":9,"SnapToGrid":false,"NumDecimals":"0","ShowValue":true,"CustomStart":false,"NotApplicable":false,"MobileFirst":true},"QuestionDescription":"What is your general opinion of the Doctors Without Borders? '1' = I do not support the work of D...","Choices":{"1":{"Display":"General Opinion of the Doctors Without Borders"}},"ChoiceOrder":["1"],"Validation":{"Settings":{"ForceResponse":"ON","ForceResponseType":"ON","Type":"None"}},"GradingData":[],"Language":[],"NextChoiceId":2,"NextAnswerId":1,"Labels":[],"QuestionID":"QID23"}},{"SurveyID":"SV_25WU01SUAakwdQp","Element":"SQ","PrimaryAttribute":"QID17","SecondaryAttribute":"What is your general opinion of the United Nations International Children's Emergency Fund (UNICE...","TertiaryAttribute":null,"Payload":{"QuestionText":"What is your general opinion of the United Nations International Children's Emergency Fund (UNICEF)?<div><br><div>'1' = I do not support the work of UNICEF.<\/div><div>'10' = I fully support the work of UNICEF.&nbsp;<\/div><\/div>","DefaultChoices":false,"DataExportTag":"Opinion_UNICEF","QuestionType":"Slider","Selector":"HSLIDER","DataVisibility":{"Private":false,"Hidden":false},"Configuration":{"QuestionDescriptionOption":"UseText","CSSliderMin":1,"CSSliderMax":10,"GridLines":9,"SnapToGrid":false,"NumDecimals":"0","ShowValue":true,"CustomStart":false,"NotApplicable":false,"MobileFirst":true},"QuestionDescription":"What is your general opinion of the United Nations International Children's Emergency Fund (UNICE...","Choices":{"1":{"Display":"General Opinion of the UNICEF"}},"ChoiceOrder":["1"],"Validation":{"Settings":{"ForceResponse":"ON","ForceResponseType":"ON","Type":"None"}},"GradingData":[],"Language":[],"NextChoiceId":2,"NextAnswerId":1,"Labels":[],"QuestionID":"QID17"}},{"SurveyID":"SV_25WU01SUAakwdQp","Element":"SQ","PrimaryAttribute":"QID24","SecondaryAttribute":"What is your general opinion of the World Wildlife Fund (WWF)? '1' = I do not support the work of...","TertiaryAttribute":null,"Payload":{"QuestionText":"What is your general opinion of the World Wildlife Fund (WWF)?<div><br><div>'1' = I do not support the work of the WWF.<\/div><div>'10' = I fully support the work of the WWF.&nbsp;<\/div><\/div>","DefaultChoices":false,"DataExportTag":"Opinion_WWF","QuestionType":"Slider","Selector":"HSLIDER","DataVisibility":{"Private":false,"Hidden":false},"Configuration":{"QuestionDescriptionOption":"UseText","CSSliderMin":1,"CSSliderMax":10,"GridLines":9,"SnapToGrid":false,"NumDecimals":"0","ShowValue":true,"CustomStart":false,"NotApplicable":false,"MobileFirst":true},"QuestionDescription":"What is your general opinion of the World Wildlife Fund (WWF)? '1' = I do not support the work of...","Choices":{"1":{"Display":"General Opinion of the WWF"}},"ChoiceOrder":["1"],"Validation":{"Settings":{"ForceResponse":"ON","ForceResponseType":"ON","Type":"None"}},"GradingData":[],"Language":[],"NextChoiceId":2,"NextAnswerId":1,"Labels":[],"QuestionID":"QID24"}},{"SurveyID":"SV_25WU01SUAakwdQp","Element":"SQ","PrimaryAttribute":"QID79","SecondaryAttribute":"Would you have decided differently if you Player C was similar to you (e.g., you played the same...","TertiaryAttribute":null,"Payload":{"QuestionText":"Would you have decided differently if you Player C was similar to you (e.g., you played the same sport, went to the same school etc.)?","DataExportTag":"Dec_PB_reasoning2","QuestionType":"MC","Selector":"SAVR","SubSelector":"TX","Configuration":{"QuestionDescriptionOption":"UseText"},"QuestionDescription":"Would you have decided differently if you Player C was similar to you (e.g., you played the same...","Choices":{"1":{"Display":"Yes"},"2":{"Display":"Maybe"},"3":{"Display":"No"}},"ChoiceOrder":["1","2","3"],"Validation":{"Settings":{"ForceResponse":"ON","ForceResponseType":"ON","Type":"None"}},"Language":[],"NextChoiceId":4,"NextAnswerId":1,"QuestionID":"QID79"}}]}