{"SurveyEntry":{"SurveyID":"SV_cZ93KxTIxy2b3aS","SurveyName":"Risk Salience Survey, NB","SurveyDescription":null,"SurveyOwnerID":"UR_72vzHU1dTIHaWCG","SurveyBrandID":"upenn","DivisionID":null,"SurveyLanguage":"EN","SurveyActiveResponseSet":"RS_7Qdrg0llTTZs6RU","SurveyStatus":"Inactive","SurveyStartDate":"0000-00-00 00:00:00","SurveyExpirationDate":"0000-00-00 00:00:00","SurveyCreationDate":"2025-02-21 13:56:12","CreatorID":"UR_72vzHU1dTIHaWCG","LastModified":"2025-05-06 15:17:31","LastAccessed":"0000-00-00 00:00:00","LastActivated":"0000-00-00 00:00:00","Deleted":null},"SurveyElements":[{"SurveyID":"SV_cZ93KxTIxy2b3aS","Element":"BL","PrimaryAttribute":"Survey Blocks","SecondaryAttribute":null,"TertiaryAttribute":null,"Payload":[{"Type":"Default","Description":"Introduction","ID":"BL_a4zGWA5S5yTkTMG","BlockElements":[{"Type":"Question","QuestionID":"QID1"}]},{"Type":"Trash","Description":"Trash \/ Unused Questions","ID":"BL_eVCOn4DbipWYzSS"},{"Type":"Standard","SubType":"","Description":"Captcha Verification","ID":"BL_cNmXnMEgPximq8e","BlockElements":[{"Type":"Question","QuestionID":"QID2"}]},{"Type":"Standard","SubType":"","Description":"Demographic questions","ID":"BL_6igYlXzShVzxkN0","BlockElements":[{"Type":"Question","QuestionID":"QID3"},{"Type":"Question","QuestionID":"QID4"},{"Type":"Question","QuestionID":"QID5"},{"Type":"Question","QuestionID":"QID6"},{"Type":"Question","QuestionID":"QID7"},{"Type":"Question","QuestionID":"QID8"},{"Type":"Question","QuestionID":"QID9"},{"Type":"Question","QuestionID":"QID10"}]},{"Type":"Standard","SubType":"","Description":"Likert Questions","ID":"BL_6fkJNo9wXlMa0nk","BlockElements":[{"Type":"Question","QuestionID":"QID11"},{"Type":"Page Break"},{"Type":"Question","QuestionID":"QID12"}]},{"Type":"Standard","SubType":"","Description":"Open-ended Questions","ID":"BL_5sydVpKXeXfW5zE","BlockElements":[{"Type":"Question","QuestionID":"QID13"},{"Type":"Question","QuestionID":"QID14"},{"Type":"Question","QuestionID":"QID15"},{"Type":"Page Break"},{"Type":"Question","QuestionID":"QID16"}]},{"Type":"Standard","SubType":"","Description":"Attention Check 1","ID":"BL_1XoRSsAAHCS3BLU","BlockElements":[{"Type":"Question","QuestionID":"QID17"}]},{"Type":"Standard","SubType":"","Description":"Attention Check 2","ID":"BL_2fvbLZTU6XRZ13M","BlockElements":[{"Type":"Question","QuestionID":"QID18"}]}]},{"SurveyID":"SV_cZ93KxTIxy2b3aS","Element":"FL","PrimaryAttribute":"Survey Flow","SecondaryAttribute":null,"TertiaryAttribute":null,"Payload":{"Flow":[{"ID":"BL_cNmXnMEgPximq8e","Type":"Standard","FlowID":"FL_3"},{"ID":"BL_a4zGWA5S5yTkTMG","Type":"Block","FlowID":"FL_2"},{"ID":"BL_1XoRSsAAHCS3BLU","Type":"Standard","FlowID":"FL_7"},{"ID":"BL_6fkJNo9wXlMa0nk","Type":"Standard","FlowID":"FL_5"},{"ID":"BL_2fvbLZTU6XRZ13M","Type":"Standard","FlowID":"FL_8"},{"ID":"BL_5sydVpKXeXfW5zE","Type":"Standard","FlowID":"FL_6"},{"ID":"BL_6igYlXzShVzxkN0","Type":"Standard","FlowID":"FL_4"}],"Properties":{"Count":8},"FlowID":"FL_1","Type":"Root"}},{"SurveyID":"SV_cZ93KxTIxy2b3aS","Element":"PL","PrimaryAttribute":"Preview Link","SecondaryAttribute":null,"TertiaryAttribute":null,"Payload":{"PreviewType":"Brand","PreviewID":"c872009a-82c2-434a-b903-18bd24e05e06"}},{"SurveyID":"SV_cZ93KxTIxy2b3aS","Element":"PROJ","PrimaryAttribute":"CORE","SecondaryAttribute":null,"TertiaryAttribute":"1.1.0","Payload":{"ProjectCategory":"CORE","SchemaVersion":"1.1.0"}},{"SurveyID":"SV_cZ93KxTIxy2b3aS","Element":"QC","PrimaryAttribute":"Survey Question Count","SecondaryAttribute":"18","TertiaryAttribute":null,"Payload":null},{"SurveyID":"SV_cZ93KxTIxy2b3aS","Element":"RS","PrimaryAttribute":"RS_7Qdrg0llTTZs6RU","SecondaryAttribute":"Default Response Set","TertiaryAttribute":null,"Payload":null},{"SurveyID":"SV_cZ93KxTIxy2b3aS","Element":"SCO","PrimaryAttribute":"Scoring","SecondaryAttribute":null,"TertiaryAttribute":null,"Payload":{"ScoringCategories":[],"ScoringCategoryGroups":[],"ScoringSummaryCategory":null,"ScoringSummaryAfterQuestions":0,"ScoringSummaryAfterSurvey":0,"DefaultScoringCategory":null,"AutoScoringCategory":null}},{"SurveyID":"SV_cZ93KxTIxy2b3aS","Element":"SO","PrimaryAttribute":"Survey Options","SecondaryAttribute":null,"TertiaryAttribute":null,"Payload":{"BackButton":"false","SaveAndContinue":"true","SurveyProtection":"PublicSurvey","BallotBoxStuffingPrevention":"false","NoIndex":"Yes","SecureResponseFiles":"true","SurveyExpiration":"None","SurveyTermination":"DefaultMessage","Header":"","Footer":"","ProgressBarDisplay":"None","PartialData":"+1 week","ValidationMessage":"","PreviousButton":"","NextButton":"","SurveyTitle":"Qualtrics Survey | Qualtrics Experience Management","SkinLibrary":"upenn","SkinType":"templated","Skin":{"brandingId":"6057378996","templateId":"*base","overrides":null},"NewScoring":1,"SurveyMetaDescription":"The most powerful, simple and trusted way to gather experience data. Start your journey to experience management and try a free account today.","CustomStyles":{"customCSS":".LabelWrapper, .QuestionText, .SubQuestionText, .AnswerText{\ncolor:black!important;\n}"}}},{"SurveyID":"SV_cZ93KxTIxy2b3aS","Element":"SQ","PrimaryAttribute":"QID1","SecondaryAttribute":"Thank you for participating in this survey about writing recommendation letters! A recommendation...","TertiaryAttribute":null,"Payload":{"QuestionText":"Thank you for participating in this survey about writing recommendation letters!<br>\n<br>\n<strong>A recommendation letter endorses an individual\u2019s skills, qualifications, or character for a job or opportunity.<\/strong><br>\n<br>\nThis survey will take about&nbsp;<b>2-3 minutes<\/b>&nbsp;to complete and will contribute to an&nbsp;<strong>important study on hiring.<\/strong><br>\n<br>\nYour responses will be completely anonymous and will&nbsp;<strong>help shape valuable insights for the future of hiring!<\/strong><br>\n<br>\n&nbsp;","DefaultChoices":false,"DataExportTag":"Introduction","QuestionID":"QID1","QuestionType":"DB","Selector":"TB","DataVisibility":{"Private":false,"Hidden":false},"Configuration":{"QuestionDescriptionOption":"UseText"},"QuestionDescription":"Thank you for participating in this survey about writing recommendation letters! A recommendation...","ChoiceOrder":[],"Validation":{"Settings":{"Type":"None"}},"GradingData":[],"Language":[],"NextChoiceId":4,"NextAnswerId":1}},{"SurveyID":"SV_cZ93KxTIxy2b3aS","Element":"SQ","PrimaryAttribute":"QID10","SecondaryAttribute":"What is your highest completed level of education?","TertiaryAttribute":null,"Payload":{"QuestionText":"What is your highest completed level of education?","DefaultChoices":false,"DataExportTag":"Education","QuestionType":"MC","Selector":"SAVR","SubSelector":"TX","DataVisibility":{"Private":false,"Hidden":false},"Configuration":{"QuestionDescriptionOption":"UseText"},"QuestionDescription":"What is your highest completed level of education?","Choices":{"1":{"Display":"Primary Education (Elementary school)"},"2":{"Display":"Secondary Education (High school or equivalent)"},"3":{"Display":"Vocational\/Technical Degree"},"4":{"Display":"Associate Degree"},"5":{"Display":"Bachelor's Degree"},"6":{"Display":"Master's Degree"},"7":{"Display":"Professional\/Doctoral Degree (PhD, JD, MD, etc.)"}},"ChoiceOrder":[1,2,3,4,5,6,7],"Validation":{"Settings":{"ForceResponse":"ON","ForceResponseType":"ON","Type":"None"}},"GradingData":[],"Language":[],"NextChoiceId":8,"NextAnswerId":1,"QuestionID":"QID10"}},{"SurveyID":"SV_cZ93KxTIxy2b3aS","Element":"SQ","PrimaryAttribute":"QID11","SecondaryAttribute":"Please indicate the extent to which you agree or disagree with the following statements:","TertiaryAttribute":null,"Payload":{"QuestionText":"Please indicate the extent to which you <strong>agree or disagree<\/strong> with the following statements:","DefaultChoices":false,"DataExportTag":"Perc.Reput.Risk\/Rew.","QuestionType":"Matrix","Selector":"Likert","SubSelector":"SingleAnswer","DataVisibility":{"Private":false,"Hidden":false},"Configuration":{"QuestionDescriptionOption":"UseText","TextPosition":"inline","ChoiceColumnWidth":25,"WhiteSpace":"OFF","MobileFirst":true,"ChoiceColumnWidthPixels":190},"QuestionDescription":"Please indicate the extent to which you agree or disagree with the following statements:","Choices":{"1":{"Display":"I am concerned that my professional reputation will be negatively affected if the person I recommend performs poorly"},"2":{"Display":"If I recommend a job candidate for a position and if they perform poorly, it reflects badly on me"},"3":{"Display":"The recommendation I provide for a job candidate has no future influence on my career"},"4":{"Display":"If a job candidate I recommend performs well, this will reflect positively on me"},"5":{"Display":"If I recommend a job candidate for a position and if they are successful at their job, this will have positive returns for my career"}},"ChoiceOrder":[1,2,3,4,5],"Validation":{"Settings":{"ForceResponse":"ON","ForceResponseType":"ON","Type":"None"}},"GradingData":[],"Language":[],"NextChoiceId":6,"NextAnswerId":8,"Answers":{"1":{"Display":"Strongly Disagree"},"2":{"Display":"Disagree"},"3":{"Display":"Somewhat Disagree"},"4":{"Display":"Neither agree or disagree"},"5":{"Display":"Somewhat Agree"},"6":{"Display":"Agree"},"7":{"Display":"Strongly Agree"}},"AnswerOrder":[1,2,3,4,5,6,7],"ChoiceDataExportTags":false,"QuestionID":"QID11"}},{"SurveyID":"SV_cZ93KxTIxy2b3aS","Element":"SQ","PrimaryAttribute":"QID12","SecondaryAttribute":"Please indicate the extent to which you agree or disagree with the following statements:","TertiaryAttribute":null,"Payload":{"QuestionText":"Please indicate the extent to which you <strong>agree or disagree<\/strong> with the following statements:","DefaultChoices":false,"DataExportTag":"Spons.Acc.\/Soc.Iden.","QuestionType":"Matrix","Selector":"Likert","SubSelector":"SingleAnswer","DataVisibility":{"Private":false,"Hidden":false},"Configuration":{"QuestionDescriptionOption":"UseText","TextPosition":"inline","ChoiceColumnWidth":25,"MobileFirst":true,"ChoiceColumnWidthPixels":192,"WhiteSpace":"OFF"},"QuestionDescription":"Please indicate the extent to which you agree or disagree with the following statements:","Choices":{"1":{"Display":"I feel personally responsible for the success or failure of the individual I am recommending"},"2":{"Display":"I feel accountable for the performance of a job candidate I recommend"},"3":{"Display":"It is not my responsibility how a job candidate I recommend performs at work"},"4":{"Display":"I do not care about how my colleagues or peers perceive my recommendations"},"5":{"Display":"The recommendations I write say something about how I am"},"6":{"Display":"The recommendations I provide influence how I am perceived in my job and industry"}},"ChoiceOrder":[1,2,3,4,5,6],"Validation":{"Settings":{"ForceResponse":"ON","ForceResponseType":"ON","Type":"None"}},"GradingData":[],"Language":[],"NextChoiceId":7,"NextAnswerId":8,"Answers":{"1":{"Display":"Strongly Disagree"},"2":{"Display":"Disagree"},"3":{"Display":"Somewhat Disagree"},"4":{"Display":"Neither agree or disagree"},"5":{"Display":"Somewhat Agree"},"6":{"Display":"Agree"},"7":{"Display":"Strongly Agree"}},"AnswerOrder":[1,2,3,4,5,6,7],"ChoiceDataExportTags":false,"QuestionID":"QID12"}},{"SurveyID":"SV_cZ93KxTIxy2b3aS","Element":"SQ","PrimaryAttribute":"QID13","SecondaryAttribute":"So far in your career, how many job candidates have you written a recommendation letter for? An a...","TertiaryAttribute":null,"Payload":{"QuestionText":"So far in your career, how many job candidates have you written a recommendation letter for? An approximate number is fine.","DefaultChoices":false,"DataExportTag":"O.E.Q1","QuestionType":"TE","Selector":"SL","DataVisibility":{"Private":false,"Hidden":false},"Configuration":{"QuestionDescriptionOption":"UseText"},"QuestionDescription":"So far in your career, how many job candidates have you written a recommendation letter for? An a...","Validation":{"Settings":{"ForceResponse":"ON","ForceResponseType":"ON","Type":"ContentType","MinChars":"1","ContentType":"ValidNumber","ValidDateType":"DateWithFormat","ValidPhoneType":"ValidUSPhone","ValidZipType":"ValidUSZip","ValidNumber":{"Min":"1","Max":"1000","NumDecimals":""}}},"GradingData":[],"Language":[],"NextChoiceId":4,"NextAnswerId":1,"SearchSource":{"AllowFreeResponse":"false"},"QuestionID":"QID13","QuestionJS":"Qualtrics.SurveyEngine.addOnload(function()\n{\n\tjQuery(\"#\"+this.questionId+\" .InputText:eq(0)\").on(\"cut copy paste\",function(e) {\n   e.preventDefault();\n  });\n\n});\n\nQualtrics.SurveyEngine.addOnReady(function()\n{\n\t\/*Place your JavaScript here to run when the page is fully displayed*\/\n\n});\n\nQualtrics.SurveyEngine.addOnUnload(function()\n{\n\t\/*Place your JavaScript here to run when the page is unloaded*\/\n\n});"}},{"SurveyID":"SV_cZ93KxTIxy2b3aS","Element":"SQ","PrimaryAttribute":"QID14","SecondaryAttribute":"So far in your career, how many job candidates have you referred to positions informally (without...","TertiaryAttribute":null,"Payload":{"QuestionText":"So far in your career, how many job candidates have you referred to positions informally (without providing an official recommendation letter)? An approximate number is fine.","DefaultChoices":false,"DataExportTag":"O.E.Q2","QuestionType":"TE","Selector":"SL","DataVisibility":{"Private":false,"Hidden":false},"Configuration":{"QuestionDescriptionOption":"UseText"},"QuestionDescription":"So far in your career, how many job candidates have you referred to positions informally (without...","Validation":{"Settings":{"ForceResponse":"ON","ForceResponseType":"ON","Type":"ContentType","MinChars":"1","ContentType":"ValidNumber","ValidDateType":"DateWithFormat","ValidPhoneType":"ValidUSPhone","ValidZipType":"ValidUSZip","ValidNumber":{"Min":"1","Max":"1000","NumDecimals":""}}},"GradingData":[],"Language":[],"NextChoiceId":4,"NextAnswerId":1,"SearchSource":{"AllowFreeResponse":"false"},"QuestionID":"QID14","QuestionJS":"Qualtrics.SurveyEngine.addOnload(function()\n{\n\tjQuery(\"#\"+this.questionId+\" .InputText:eq(0)\").on(\"cut copy paste\",function(e) {\n   e.preventDefault();\n  });\n\n});\n\nQualtrics.SurveyEngine.addOnReady(function()\n{\n\t\/*Place your JavaScript here to run when the page is fully displayed*\/\n\n});\n\nQualtrics.SurveyEngine.addOnUnload(function()\n{\n\t\/*Place your JavaScript here to run when the page is unloaded*\/\n\n});"}},{"SurveyID":"SV_cZ93KxTIxy2b3aS","Element":"SQ","PrimaryAttribute":"QID15","SecondaryAttribute":"So far in your career, how many job candidates have you been listed as a reference for? An approx...","TertiaryAttribute":null,"Payload":{"QuestionText":"So far in your career, how many job candidates have you been listed as a reference for? An approximate number is fine.","DefaultChoices":false,"DataExportTag":"O.E.Q3","QuestionType":"TE","Selector":"SL","DataVisibility":{"Private":false,"Hidden":false},"Configuration":{"QuestionDescriptionOption":"UseText"},"QuestionDescription":"So far in your career, how many job candidates have you been listed as a reference for? An approx...","Validation":{"Settings":{"ForceResponse":"ON","ForceResponseType":"ON","Type":"ContentType","MinChars":"1","ContentType":"ValidNumber","ValidDateType":"DateWithFormat","ValidPhoneType":"ValidUSPhone","ValidZipType":"ValidUSZip","ValidNumber":{"Min":"1","Max":"1000","NumDecimals":""}}},"GradingData":[],"Language":[],"NextChoiceId":4,"NextAnswerId":1,"SearchSource":{"AllowFreeResponse":"false"},"QuestionID":"QID15","QuestionJS":"Qualtrics.SurveyEngine.addOnload(function()\n{\n\tjQuery(\"#\"+this.questionId+\" .InputText:eq(0)\").on(\"cut copy paste\",function(e) {\n   e.preventDefault();\n  });\n\n});\n\nQualtrics.SurveyEngine.addOnReady(function()\n{\n\t\/*Place your JavaScript here to run when the page is fully displayed*\/\n\n});\n\nQualtrics.SurveyEngine.addOnUnload(function()\n{\n\t\/*Place your JavaScript here to run when the page is unloaded*\/\n\n});"}},{"SurveyID":"SV_cZ93KxTIxy2b3aS","Element":"SQ","PrimaryAttribute":"QID16","SecondaryAttribute":"Please tell us about what concerns you have when you write a recommendation letter or provide a r...","TertiaryAttribute":null,"Payload":{"QuestionText":"Please tell us about what concerns you have when you write a recommendation letter or provide a reference for a job candidate?<br><br>For example, to what extent do you think about how that candidate\u2019s performance at the job may influence your own career, positively or negatively?","DefaultChoices":false,"DataExportTag":"O.E.Q4","QuestionType":"TE","Selector":"ML","DataVisibility":{"Private":false,"Hidden":false},"Configuration":{"QuestionDescriptionOption":"UseText"},"QuestionDescription":"Please tell us about what concerns you have when you write a recommendation letter or provide a r...","Validation":{"Settings":{"ForceResponse":"ON","ForceResponseType":"ON","Type":"None"}},"GradingData":[],"Language":[],"NextChoiceId":4,"NextAnswerId":1,"SearchSource":{"AllowFreeResponse":"false"},"QuestionID":"QID16","QuestionJS":"Qualtrics.SurveyEngine.addOnload(function()\n{\n\tjQuery(\"#\"+this.questionId+\" .InputText:eq(0)\").on(\"cut copy paste\",function(e) {\n   e.preventDefault();\n  });\n\n});\n\nQualtrics.SurveyEngine.addOnReady(function()\n{\n\t\/*Place your JavaScript here to run when the page is fully displayed*\/\n\n});\n\nQualtrics.SurveyEngine.addOnUnload(function()\n{\n\t\/*Place your JavaScript here to run when the page is unloaded*\/\n\n});"}},{"SurveyID":"SV_cZ93KxTIxy2b3aS","Element":"SQ","PrimaryAttribute":"QID17","SecondaryAttribute":"Which of the following items gives off light?","TertiaryAttribute":null,"Payload":{"QuestionText":"Which of the following items gives off light?","DefaultChoices":false,"DataExportTag":"AC1","QuestionType":"MC","Selector":"SAVR","SubSelector":"TX","DataVisibility":{"Private":false,"Hidden":false},"Configuration":{"QuestionDescriptionOption":"UseText"},"QuestionDescription":"Which of the following items gives off light?","Choices":{"1":{"Display":"Orange"},"2":{"Display":"Bottle"},"3":{"Display":"Rain"},"4":{"Display":"Lamp"},"5":{"Display":"Dog"}},"ChoiceOrder":[1,2,3,4,5],"Validation":{"Settings":{"ForceResponse":"ON","ForceResponseType":"ON","Type":"None"}},"GradingData":[],"Language":[],"NextChoiceId":6,"NextAnswerId":1,"QuestionID":"QID17"}},{"SurveyID":"SV_cZ93KxTIxy2b3aS","Element":"SQ","PrimaryAttribute":"QID18","SecondaryAttribute":"Please respond truthfully: Have you ever been to the moon?","TertiaryAttribute":null,"Payload":{"QuestionText":"Please respond truthfully: Have you ever been to the moon?","DefaultChoices":false,"DataExportTag":"AC2","QuestionID":"QID18","QuestionType":"MC","Selector":"SAVR","SubSelector":"TX","DataVisibility":{"Private":false,"Hidden":false},"Configuration":{"QuestionDescriptionOption":"UseText","TextPosition":"inline"},"QuestionDescription":"Please respond truthfully: Have you ever been to the moon?","Choices":{"1":{"Display":"Yes"},"2":{"Display":"No"}},"ChoiceOrder":[1,2],"Validation":{"Settings":{"ForceResponse":"ON","ForceResponseType":"ON","Type":"None"}},"GradingData":[],"Language":[],"NextChoiceId":3,"NextAnswerId":4}},{"SurveyID":"SV_cZ93KxTIxy2b3aS","Element":"SQ","PrimaryAttribute":"QID2","SecondaryAttribute":"Due to the emergence of Prolific bots, please complete this captcha to continue.","TertiaryAttribute":null,"Payload":{"QuestionText":"Due to the emergence of Prolific bots, please complete this captcha to continue.","DefaultChoices":false,"DataExportTag":"Captcha Verification","QuestionType":"Captcha","Selector":"V2","DataVisibility":{"Private":false,"Hidden":false},"Configuration":{"QuestionDescriptionOption":"UseText","Align":"center","Theme":"light"},"QuestionDescription":"Due to the emergence of Prolific bots, please complete this captcha to continue.","GradingData":[],"Language":[],"NextChoiceId":4,"NextAnswerId":1,"QuestionID":"QID2"}},{"SurveyID":"SV_cZ93KxTIxy2b3aS","Element":"SQ","PrimaryAttribute":"QID3","SecondaryAttribute":"What is your gender?","TertiaryAttribute":null,"Payload":{"QuestionText":"What is your gender?","DefaultChoices":false,"DataExportTag":"Gender","QuestionType":"MC","Selector":"SAVR","SubSelector":"TX","DataVisibility":{"Private":false,"Hidden":false},"Configuration":{"QuestionDescriptionOption":"UseText","Autoscale":{"YScale":{"Name":"maleFemale","Type":"likert","Reverse":false}}},"QuestionDescription":"What is your gender?","Choices":{"1":{"Display":"Male"},"2":{"Display":"Female"},"3":{"Display":"Non-binary \/ third gender"},"4":{"Display":"Prefer not to say"}},"ChoiceOrder":["1","2","3","4"],"Validation":{"Settings":{"ForceResponse":"ON","ForceResponseType":"ON","Type":"None"}},"GradingData":[],"Language":[],"NextChoiceId":5,"NextAnswerId":1,"QuestionID":"QID3"}},{"SurveyID":"SV_cZ93KxTIxy2b3aS","Element":"SQ","PrimaryAttribute":"QID4","SecondaryAttribute":"What is your age?","TertiaryAttribute":null,"Payload":{"QuestionText":"What is your age?","DefaultChoices":false,"DataExportTag":"Age","QuestionType":"TE","Selector":"SL","DataVisibility":{"Private":false,"Hidden":false},"Configuration":{"QuestionDescriptionOption":"UseText"},"QuestionDescription":"What is your age?","Validation":{"Settings":{"ForceResponse":"ON","ForceResponseType":"ON","Type":"ContentType","MinChars":"1","TotalChars":"1","ContentType":"ValidNumber","ValidDateType":"DateWithFormat","ValidPhoneType":"ValidUSPhone","ValidZipType":"ValidUSZip","ValidNumber":{"Min":"1","Max":"100","NumDecimals":""}}},"GradingData":[],"Language":[],"NextChoiceId":4,"NextAnswerId":1,"SearchSource":{"AllowFreeResponse":"false"},"QuestionID":"QID4"}},{"SurveyID":"SV_cZ93KxTIxy2b3aS","Element":"SQ","PrimaryAttribute":"QID5","SecondaryAttribute":"What is your race? (Select all that apply)","TertiaryAttribute":null,"Payload":{"QuestionText":"What is your race? (Select all that apply)","DefaultChoices":false,"DataExportTag":"Race","QuestionType":"MC","Selector":"MAVR","SubSelector":"TX","DataVisibility":{"Private":false,"Hidden":false},"Configuration":{"QuestionDescriptionOption":"UseText"},"QuestionDescription":"What is your race? (Select all that apply)","Choices":{"1":{"Display":"American Indian or Alaska Native"},"2":{"Display":"Asian"},"3":{"Display":"Black or African American"},"4":{"Display":"Native Hawaiian or Other Pacific Islander"},"5":{"Display":"White"}},"ChoiceOrder":[1,2,3,4,5],"Validation":{"Settings":{"ForceResponse":"ON","ForceResponseType":"ON","Type":"None"}},"GradingData":[],"Language":[],"NextChoiceId":6,"NextAnswerId":1,"QuestionID":"QID5"}},{"SurveyID":"SV_cZ93KxTIxy2b3aS","Element":"SQ","PrimaryAttribute":"QID6","SecondaryAttribute":"What is your employment status?","TertiaryAttribute":null,"Payload":{"QuestionText":"What is your employment status?","DefaultChoices":false,"DataExportTag":"Employment Status","QuestionType":"MC","Selector":"SAVR","SubSelector":"TX","DataVisibility":{"Private":false,"Hidden":false},"Configuration":{"QuestionDescriptionOption":"UseText"},"QuestionDescription":"What is your employment status?","Choices":{"1":{"Display":"Employed"},"2":{"Display":"Unemployed"},"3":{"Display":"Retired"},"4":{"Display":"Unemployed, not seeking employment"}},"ChoiceOrder":[1,2,3,4],"Validation":{"Settings":{"ForceResponse":"ON","ForceResponseType":"ON","Type":"None"}},"GradingData":[],"Language":[],"NextChoiceId":5,"NextAnswerId":1,"QuestionID":"QID6"}},{"SurveyID":"SV_cZ93KxTIxy2b3aS","Element":"SQ","PrimaryAttribute":"QID7","SecondaryAttribute":"What is your professional title?","TertiaryAttribute":null,"Payload":{"QuestionText":"What is your professional title?","DefaultChoices":false,"DataExportTag":"Professional Title","QuestionID":"QID7","QuestionType":"TE","Selector":"ML","DataVisibility":{"Private":false,"Hidden":false},"Configuration":{"QuestionDescriptionOption":"UseText"},"QuestionDescription":"What is your professional title?","Validation":{"Settings":{"ForceResponse":"ON","ForceResponseType":"ON","Type":"None","MinChars":"1","TotalChars":"1"}},"GradingData":[],"Language":[],"NextChoiceId":4,"NextAnswerId":1,"SearchSource":{"AllowFreeResponse":"false"}}},{"SurveyID":"SV_cZ93KxTIxy2b3aS","Element":"SQ","PrimaryAttribute":"QID8","SecondaryAttribute":"For how many years have you been employed throughout your life?","TertiaryAttribute":null,"Payload":{"QuestionText":"For how many years have you been employed throughout your life?","DefaultChoices":false,"DataExportTag":"Employment Duration","QuestionType":"TE","Selector":"ML","DataVisibility":{"Private":false,"Hidden":false},"Configuration":{"QuestionDescriptionOption":"UseText"},"QuestionDescription":"For how many years have you been employed throughout your life?","Validation":{"Settings":{"ForceResponse":"ON","ForceResponseType":"ON","Type":"None"}},"GradingData":[],"Language":[],"NextChoiceId":4,"NextAnswerId":1,"SearchSource":{"AllowFreeResponse":"false"},"QuestionID":"QID8"}},{"SurveyID":"SV_cZ93KxTIxy2b3aS","Element":"SQ","PrimaryAttribute":"QID9","SecondaryAttribute":"Which industry do you work in?","TertiaryAttribute":null,"Payload":{"QuestionText":"Which industry do you work in?","DefaultChoices":false,"DataExportTag":"Industry","QuestionType":"MC","Selector":"SAVR","SubSelector":"TX","DataVisibility":{"Private":false,"Hidden":false},"Configuration":{"QuestionDescriptionOption":"UseText"},"QuestionDescription":"Which industry do you work in?","Choices":{"1":{"Display":"Healthcare"},"2":{"Display":"Manufacturing"},"3":{"Display":"Retail"},"4":{"Display":"Information Technology"},"5":{"Display":"Real Estate"},"6":{"Display":"Education"},"7":{"Display":"Government"},"8":{"Display":"Consulting"},"9":{"Display":"Construction"},"10":{"Display":"Transportation & Warehousing"},"11":{"Display":"Financial Services"},"12":{"Display":"Hospitality"},"13":{"Display":"Nonprofit\/Social Services"},"14":{"Display":"Other (Please specify)","TextEntry":"true"}},"ChoiceOrder":[1,2,3,4,5,6,7,8,9,10,11,12,13,14],"Validation":{"Settings":{"ForceResponse":"ON","ForceResponseType":"ON","Type":"None"}},"GradingData":[],"Language":[],"NextChoiceId":15,"NextAnswerId":1,"QuestionID":"QID9"}},{"SurveyID":"SV_cZ93KxTIxy2b3aS","Element":"STAT","PrimaryAttribute":"Survey Statistics","SecondaryAttribute":null,"TertiaryAttribute":null,"Payload":{"MobileCompatible":true,"ID":"Survey Statistics"}}]}