{"SurveyEntry":{"SurveyID":"SV_cGYb7o7mkkETHeu","SurveyName":"Emoji Pilot - Copy","SurveyDescription":null,"SurveyOwnerID":"UR_5ywyj7dsMeQFd8q","SurveyBrandID":"upenn","DivisionID":null,"SurveyLanguage":"EN","SurveyActiveResponseSet":"RS_23HLBUrA58ziOV0","SurveyStatus":"Inactive","SurveyStartDate":"0000-00-00 00:00:00","SurveyExpirationDate":"0000-00-00 00:00:00","SurveyCreationDate":"2024-10-26 16:08:38","CreatorID":"UR_5ywyj7dsMeQFd8q","LastModified":"2026-01-29 09:26:25","LastAccessed":"0000-00-00 00:00:00","LastActivated":"2024-10-26 16:11:54","Deleted":null},"SurveyElements":[{"SurveyID":"SV_cGYb7o7mkkETHeu","Element":"BL","PrimaryAttribute":"Survey Blocks","SecondaryAttribute":null,"TertiaryAttribute":null,"Payload":[{"Type":"Default","Description":"Game","ID":"BL_bITo6Khc5AADLoy","BlockElements":[{"Type":"Question","QuestionID":"QID11"},{"Type":"Question","QuestionID":"QID1"}]},{"Type":"Trash","Description":"Trash \/ Unused Questions","ID":"BL_ebovLHcVlXUqsku","BlockElements":[{"Type":"Question","QuestionID":"QID7"},{"Type":"Question","QuestionID":"QID14"},{"Type":"Question","QuestionID":"QID3"},{"Type":"Question","QuestionID":"QID17"},{"Type":"Question","QuestionID":"QID10"}]},{"Type":"Standard","SubType":"","Description":"Block 1","ID":"BL_02i5qop5S5duiF0","BlockElements":[{"Type":"Question","QuestionID":"QID2"}]},{"Type":"Standard","SubType":"","Description":"Block 2","ID":"BL_80yU9QnsTlcgTdk","BlockElements":[{"Type":"Question","QuestionID":"QID19"},{"Type":"Page Break"},{"Type":"Question","QuestionID":"QID15"},{"Type":"Question","QuestionID":"QID16"},{"Type":"Question","QuestionID":"QID18"}]},{"Type":"Standard","SubType":"","Description":"Pair","ID":"BL_e4ilKKwgby9br1k","BlockElements":[{"Type":"Question","QuestionID":"QID5"},{"Type":"Question","QuestionID":"QID6"}]},{"Type":"Standard","SubType":"","Description":"Block 3","ID":"BL_ehV8bbdQulF2z6m","BlockElements":[{"Type":"Question","QuestionID":"QID4"}]},{"Type":"Standard","SubType":"","Description":"Comments","ID":"BL_9sGjmaxCIBvMiuq","BlockElements":[{"Type":"Question","QuestionID":"QID8"}]},{"Type":"Standard","SubType":"","Description":"Manipulation Check","ID":"BL_1zcOuS0xWlAiwZw","BlockElements":[{"Type":"Question","QuestionID":"QID12"},{"Type":"Question","QuestionID":"QID9"},{"Type":"Question","QuestionID":"QID13"}]}]},{"SurveyID":"SV_cGYb7o7mkkETHeu","Element":"FL","PrimaryAttribute":"Survey Flow","SecondaryAttribute":null,"TertiaryAttribute":null,"Payload":{"Type":"Root","FlowID":"FL_1","Flow":[{"Type":"Standard","ID":"BL_02i5qop5S5duiF0","FlowID":"FL_3","Autofill":[]},{"Type":"Branch","FlowID":"FL_13","Description":"New Branch","BranchLogic":{"0":{"0":{"LogicType":"Question","QuestionID":"QID2","QuestionIsInLoop":"no","ChoiceLocator":"q:\/\/QID2\/SelectableChoice\/6","Operator":"NotSelected","QuestionIDFromLocator":"QID2","LeftOperand":"q:\/\/QID2\/SelectableChoice\/6","Type":"Expression","Description":"<span class=\"ConjDesc\">If<\/span> <span class=\"QuestionDesc\">Welcome! In this study, we will partner you with another participant. Both of you will play the Prisoner's Dilemma Game together.\n\nIn every round, you and your partner will each decide at the same ...<\/span> <span class=\"LeftOpDesc\">200<\/span> <span class=\"OpDesc\">Is Not Selected<\/span> "},"Type":"If"},"Type":"BooleanExpression"},"Flow":[{"Type":"EndSurvey","FlowID":"FL_14"}]},{"Type":"Standard","ID":"BL_e4ilKKwgby9br1k","FlowID":"FL_5","Autofill":[]},{"Type":"Standard","ID":"BL_80yU9QnsTlcgTdk","FlowID":"FL_4","Autofill":[]},{"Type":"BlockRandomizer","FlowID":"FL_7","SubSet":1,"EvenPresentation":true,"Flow":[{"Type":"Standard","ID":"BL_ehV8bbdQulF2z6m","FlowID":"FL_8","Autofill":[]}]},{"Type":"Block","ID":"BL_bITo6Khc5AADLoy","FlowID":"FL_2","Autofill":[]},{"Type":"Standard","ID":"BL_1zcOuS0xWlAiwZw","FlowID":"FL_10","Autofill":[]},{"Type":"Standard","ID":"BL_9sGjmaxCIBvMiuq","FlowID":"FL_9","Autofill":[]}],"Properties":{"Count":15}}},{"SurveyID":"SV_cGYb7o7mkkETHeu","Element":"PL","PrimaryAttribute":"Preview Link","SecondaryAttribute":null,"TertiaryAttribute":null,"Payload":{"PreviewType":"Brand","PreviewID":"6c1cac3f-b776-4ccb-aa6b-3428bec0040b"}},{"SurveyID":"SV_cGYb7o7mkkETHeu","Element":"PROJ","PrimaryAttribute":"CORE","SecondaryAttribute":null,"TertiaryAttribute":"1.1.0","Payload":{"ProjectCategory":"CORE","SchemaVersion":"1.1.0"}},{"SurveyID":"SV_cGYb7o7mkkETHeu","Element":"QC","PrimaryAttribute":"Survey Question Count","SecondaryAttribute":"19","TertiaryAttribute":null,"Payload":null},{"SurveyID":"SV_cGYb7o7mkkETHeu","Element":"QG","PrimaryAttribute":"QG_yf87DDKhSAGF6FW","SecondaryAttribute":"Default Quota Group","TertiaryAttribute":null,"Payload":{"ID":"QG_yf87DDKhSAGF6FW","Name":"Default Quota Group","Selected":true,"MultipleMatch":"PlaceInAll","Public":false,"Quotas":[]}},{"SurveyID":"SV_cGYb7o7mkkETHeu","Element":"QGO","PrimaryAttribute":"QGO_QuotaGroupOrder","SecondaryAttribute":null,"TertiaryAttribute":null,"Payload":["QG_yf87DDKhSAGF6FW"]},{"SurveyID":"SV_cGYb7o7mkkETHeu","Element":"RS","PrimaryAttribute":"RS_23HLBUrA58ziOV0","SecondaryAttribute":null,"TertiaryAttribute":null,"Payload":null},{"SurveyID":"SV_cGYb7o7mkkETHeu","Element":"SCO","PrimaryAttribute":"Scoring","SecondaryAttribute":null,"TertiaryAttribute":null,"Payload":{"ScoringCategories":[],"ScoringCategoryGroups":[],"ScoringSummaryCategory":null,"ScoringSummaryAfterQuestions":0,"ScoringSummaryAfterSurvey":0,"DefaultScoringCategory":null,"AutoScoringCategory":null}},{"SurveyID":"SV_cGYb7o7mkkETHeu","Element":"SO","PrimaryAttribute":"Survey Options","SecondaryAttribute":null,"TertiaryAttribute":null,"Payload":{"BackButton":"false","SaveAndContinue":"true","SurveyProtection":"PublicSurvey","BallotBoxStuffingPrevention":"false","NoIndex":"Yes","SecureResponseFiles":"true","SurveyExpiration":"None","SurveyTermination":"DefaultMessage","Header":"","Footer":"","ProgressBarDisplay":"None","PartialData":"+1 week","ValidationMessage":null,"PreviousButton":" \u2190 ","NextButton":" \u2192 ","SurveyTitle":"Qualtrics Survey | Qualtrics Experience Management","SkinLibrary":"upenn","SkinType":"templated","Skin":{"brandingId":null,"templateId":"*base","overrides":null},"NewScoring":1,"SurveyMetaDescription":"The most powerful, simple and trusted way to gather experience data. Start your journey to experience management and try a free account today.","ProtectSelectionIds":true,"EOSMessage":null,"ShowExportTags":"false","CollectGeoLocation":"false","PasswordProtection":"No","AnonymizeResponse":"No","RefererCheck":"No","BallotBoxStuffingPreventionBehavior":null,"BallotBoxStuffingPreventionMessage":null,"BallotBoxStuffingPreventionMessageLibrary":null,"BallotBoxStuffingPreventionURL":null,"RecaptchaV3":"false","ConfirmStart":false,"AutoConfirmStart":false,"RelevantID":"false","RelevantIDLockoutPeriod":"+30 days","UseCustomSurveyLinkCompletedMessage":null,"SurveyLinkCompletedMessage":null,"SurveyLinkCompletedMessageLibrary":null,"ResponseSummary":"No","EOSMessageLibrary":null,"EOSRedirectURL":null,"EmailThankYou":"false","ThankYouEmailMessageLibrary":null,"ThankYouEmailMessage":null,"ValidateMessage":"false","ValidationMessageLibrary":null,"InactiveSurvey":"DefaultMessage","PartialDeletion":null,"PartialDataCloseAfter":"LastActivity","InactiveMessageLibrary":null,"InactiveMessage":null,"AvailableLanguages":{"EN":[]},"SurveyName":"Emoji Pilot - Copy","CustomStyles":{"customCSS":"\/* Style for system messages (from \"other people\") *\/\n.system-message {\n    background-color: #e0e0e0; \/* Light gray *\/\n    border-radius: 20px;\n    padding: 10px 15px;\n    margin: 10px 0;\n    width: fit-content;\n    max-width: 80%;\n    color: #000; \/* Black text *\/\n    font-family: Arial, sans-serif;\n    font-size: 14px;\n}\n\n\/* Style for user text input *\/\n.Skin .TextEntryBox {\n    border: 1px solid #ccc;\n    border-radius: 20px;\n    padding: 10px;\n    width: 80%;\n    margin: 10px auto;\n}\n\n\/* User input bubble styling *\/\n.user-message {\n    background-color: #d4f4dc; \/* Light green background *\/\n    border-radius: 20px; \/* Rounded corners *\/\n    padding: 10px 15px; \/* Bubble padding *\/\n    margin: 10px auto; \/* Space between messages *\/\n    width: fit-content; \/* Adjust to text size *\/\n    max-width: 80%; \/* Prevent bubble from being too wide *\/\n    box-shadow: 0 2px 4px rgba(0, 0, 0, 0.1); \/* Subtle shadow *\/\n    text-align: left;\n}\n\n\/* Input field styling *\/\n.TextEntryBox {\n    background: none; \/* Transparent to blend with bubble *\/\n    border: none; \/* Remove default border *\/\n    width: 100%; \/* Fill the bubble *\/\n    color: #000; \/* Black text *\/\n    font-family: Arial, sans-serif;\n    font-size: 14px;\n    padding: 0; \/* Remove padding for bubble consistency *\/\n    outline: none; \/* Remove focus outline *\/\n}\n\n\/* Placeholder text styling *\/\n.TextEntryBox::placeholder {\n    color: #a9a9a9; \/* Light gray *\/\n    font-style: italic;\n}\n\n\/* Align user bubbles to the right *\/\n.TextEntryBox {\n    margin-left: auto;\n    margin-right: 0;\n    text-align: left;\n}\n\n\/* Hide only the default gray text entry box *\/\n.Skin .QuestionBody .InputText {\n    display: none; \/* Hides the default Qualtrics text box *\/\n}\n\n\n\n"}}},{"SurveyID":"SV_cGYb7o7mkkETHeu","Element":"SQ","PrimaryAttribute":"QID1","SecondaryAttribute":"You and your partner will each decide at the same time whether to share or steal. Both decisions...","TertiaryAttribute":null,"Payload":{"QuestionText":"You and your partner will each decide at the same time whether to share or steal. Both decisions combined will determine your payoffs:\n<br>-\tIf both of you share, both of you will receive more (800 each).\n<br>-\tIf both of you steal, both of you will receive less (300 credits each)\n<br>-\tBut if one person steals while the other shares, the person who stole will receive more (1,000 credits) at the expense of the person who shared (200 credits).&nbsp;<br>Please make a decision:","DataExportTag":"Game","QuestionType":"MC","Selector":"SAVR","SubSelector":"TX","DataVisibility":{"Private":false,"Hidden":false},"Configuration":{"QuestionDescriptionOption":"UseText"},"QuestionDescription":"You and your partner will each decide at the same time whether to share or steal. Both decisions...","Choices":{"1":{"Display":"Share"},"2":{"Display":"Steal"}},"ChoiceOrder":[1,2],"Validation":{"Settings":{"ForceResponse":"ON","ForceResponseType":"ON","Type":"None"}},"Language":[],"NextChoiceId":3,"NextAnswerId":1,"QuestionID":"QID1"}},{"SurveyID":"SV_cGYb7o7mkkETHeu","Element":"SQ","PrimaryAttribute":"QID10","SecondaryAttribute":"\u00a0","TertiaryAttribute":null,"Payload":{"QuestionText":"&nbsp;<br>","DefaultChoices":false,"DataExportTag":"CAPTCHA","QuestionType":"Captcha","Selector":"V2","DataVisibility":{"Private":false,"Hidden":false},"Configuration":{"QuestionDescriptionOption":"UseText","Align":"left","Theme":"light","InputWidth":60,"InputHeight":29},"QuestionDescription":"\u00a0","GradingData":[],"Language":[],"NextChoiceId":4,"NextAnswerId":1,"QuestionID":"QID10"}},{"SurveyID":"SV_cGYb7o7mkkETHeu","Element":"SQ","PrimaryAttribute":"QID11","SecondaryAttribute":"Timing","TertiaryAttribute":null,"Payload":{"QuestionText":"Timing","DefaultChoices":false,"DataExportTag":"Q11","QuestionType":"Timing","Selector":"PageTimer","DataVisibility":{"Private":false,"Hidden":false},"Configuration":{"QuestionDescriptionOption":"UseText","MinSeconds":"0","MaxSeconds":"0"},"QuestionDescription":"Timing","Choices":{"1":{"Display":"First Click"},"2":{"Display":"Last Click"},"3":{"Display":"Page Submit"},"4":{"Display":"Click Count"}},"GradingData":[],"Language":[],"NextChoiceId":28,"NextAnswerId":1,"QuestionID":"QID11"}},{"SurveyID":"SV_cGYb7o7mkkETHeu","Element":"SQ","PrimaryAttribute":"QID12","SecondaryAttribute":"Timing","TertiaryAttribute":null,"Payload":{"QuestionText":"Timing","DefaultChoices":false,"DataExportTag":"Q12","QuestionType":"Timing","Selector":"PageTimer","DataVisibility":{"Private":false,"Hidden":false},"Configuration":{"QuestionDescriptionOption":"UseText","MinSeconds":"0","MaxSeconds":"0"},"QuestionDescription":"Timing","Choices":{"1":{"Display":"First Click"},"2":{"Display":"Last Click"},"3":{"Display":"Page Submit"},"4":{"Display":"Click Count"}},"GradingData":[],"Language":[],"NextChoiceId":28,"NextAnswerId":1,"QuestionID":"QID12"}},{"SurveyID":"SV_cGYb7o7mkkETHeu","Element":"SQ","PrimaryAttribute":"QID13","SecondaryAttribute":"Did you notice an emoji \ud83d\ude0a in your partner\u2019s last message?","TertiaryAttribute":null,"Payload":{"QuestionText":"Did you notice an emoji \ud83d\ude0a in your partner\u2019s last message?","DefaultChoices":false,"DataExportTag":"Q13","QuestionType":"MC","Selector":"SAVR","SubSelector":"TX","DataVisibility":{"Private":false,"Hidden":false},"Configuration":{"QuestionDescriptionOption":"UseText"},"QuestionDescription":"Did you notice an emoji \ud83d\ude0a in your partner\u2019s last message?","Choices":{"1":{"Display":"Yes"},"2":{"Display":"No"}},"ChoiceOrder":["1","2"],"Validation":{"Settings":{"ForceResponse":"ON","ForceResponseType":"ON","Type":"None"}},"GradingData":[],"Language":[],"NextChoiceId":4,"NextAnswerId":1,"QuestionID":"QID13"}},{"SurveyID":"SV_cGYb7o7mkkETHeu","Element":"SQ","PrimaryAttribute":"QID14","SecondaryAttribute":"Click to write the question text","TertiaryAttribute":null,"Payload":{"QuestionText":"Click to write the question text","DefaultChoices":{"TEXT":{"Text":"Type your response here..."}},"DataExportTag":"Q14","QuestionType":"TE","Selector":"SL","DataVisibility":{"Private":false,"Hidden":false},"Configuration":{"QuestionDescriptionOption":"UseText","InputWidth":320,"InputHeight":29},"QuestionDescription":"Click to write the question text","Validation":{"Settings":{"ForceResponse":"OFF","ForceResponseType":"ON","Type":"None","MinChars":"1"}},"GradingData":[],"Language":[],"NextChoiceId":4,"NextAnswerId":1,"SearchSource":{"AllowFreeResponse":"false"},"QuestionID":"QID14"}},{"SurveyID":"SV_cGYb7o7mkkETHeu","Element":"SQ","PrimaryAttribute":"QID15","SecondaryAttribute":"Hi there! If both of us share, we'll both be better off! Please share.","TertiaryAttribute":null,"Payload":{"QuestionText":" <div class=\"system-message\">\n    <img src=\"URL_TO_PROFILE_IMAGE\" style=\"width: 30px; height: 30px; border-radius: 50%; vertical-align: middle; margin-right: 10px;\">\n    Hi there! If both of us share, we'll both be better off! Please share.\n<\/div>\n","DefaultChoices":false,"DataExportTag":"Q15","QuestionType":"DB","Selector":"TB","DataVisibility":{"Private":false,"Hidden":false},"Configuration":{"QuestionDescriptionOption":"UseText"},"QuestionDescription":"Hi there! If both of us share, we'll both be better off! Please share.","ChoiceOrder":[],"Validation":{"Settings":{"Type":"None"}},"GradingData":[],"Language":[],"NextChoiceId":4,"NextAnswerId":1,"QuestionID":"QID15","QuestionJS":false}},{"SurveyID":"SV_cGYb7o7mkkETHeu","Element":"SQ","PrimaryAttribute":"QID16","SecondaryAttribute":" ","TertiaryAttribute":null,"Payload":{"QuestionText":"<div class=\"user-message\">\n    <input type=\"text\" class=\"TextEntryBox\" placeholder=\"Type your response here...\">\n<\/div>\n","DefaultChoices":false,"DataExportTag":"Q16","QuestionType":"TE","Selector":"SL","DataVisibility":{"Private":false,"Hidden":false},"Configuration":{"QuestionDescriptionOption":"UseText","InputWidth":375,"InputHeight":108},"QuestionDescription":" ","Validation":{"Settings":{"ForceResponse":"OFF","ForceResponseType":"ON","Type":"None","MinChars":"1"}},"GradingData":[],"Language":[],"NextChoiceId":4,"NextAnswerId":1,"SearchSource":{"AllowFreeResponse":"false"},"QuestionID":"QID16"}},{"SurveyID":"SV_cGYb7o7mkkETHeu","Element":"SQ","PrimaryAttribute":"QID17","SecondaryAttribute":"Hi there! If both of us share, we'll both be better off! Please share.","TertiaryAttribute":null,"Payload":{"QuestionText":"<div class=\"system-message\">\n    <img src=\"URL_TO_PROFILE_IMAGE\" style=\"width: 30px; height: 30px; border-radius: 50%; vertical-align: middle; margin-right: 10px;\">\n    Hi there! If both of us share, we'll both be better off! Please share.\n<\/div>\n","QuestionJS":false,"DefaultChoices":false,"DataExportTag":"Q17","QuestionType":"DB","Selector":"TB","DataVisibility":{"Private":false,"Hidden":false},"Configuration":{"QuestionDescriptionOption":"UseText"},"QuestionDescription":"Hi there! If both of us share, we'll both be better off! Please share.","ChoiceOrder":[],"Validation":{"Settings":{"Type":"None"}},"GradingData":[],"Language":[],"NextChoiceId":4,"NextAnswerId":1,"QuestionID":"QID17"}},{"SurveyID":"SV_cGYb7o7mkkETHeu","Element":"SQ","PrimaryAttribute":"QID18","SecondaryAttribute":"Please relpy in the green bubble box and click the blue button to proceed!","TertiaryAttribute":null,"Payload":{"QuestionText":"Please relpy in the green bubble box and click the blue button to proceed!","DefaultChoices":false,"DataExportTag":"Q18","QuestionType":"DB","Selector":"TB","DataVisibility":{"Private":false,"Hidden":false},"Configuration":{"QuestionDescriptionOption":"UseText"},"QuestionDescription":"Please relpy in the green bubble box and click the blue button to proceed!","ChoiceOrder":[],"Validation":{"Settings":{"Type":"None"}},"GradingData":[],"Language":[],"NextChoiceId":4,"NextAnswerId":1,"QuestionID":"QID18"}},{"SurveyID":"SV_cGYb7o7mkkETHeu","Element":"SQ","PrimaryAttribute":"QID19","SecondaryAttribute":"Success! You are now paired with another participant.","TertiaryAttribute":null,"Payload":{"QuestionText":"Success! You are now paired with another participant.","DefaultChoices":false,"DataExportTag":"Q19","QuestionType":"DB","Selector":"TB","DataVisibility":{"Private":false,"Hidden":false},"Configuration":{"QuestionDescriptionOption":"UseText"},"QuestionDescription":"Success! You are now paired with another participant.","ChoiceOrder":[],"Validation":{"Settings":{"Type":"None"}},"GradingData":[],"Language":[],"NextChoiceId":4,"NextAnswerId":1,"QuestionID":"QID19"}},{"SurveyID":"SV_cGYb7o7mkkETHeu","Element":"SQ","PrimaryAttribute":"QID2","SecondaryAttribute":"Welcome! In this study, we will partner you with another participant. Both of you will play the P...","TertiaryAttribute":null,"Payload":{"QuestionText":"Welcome! In this study, we will partner you with another participant. Both of you will play the Prisoner's Dilemma Game together. In every round, you and your partner will each decide at the same time whether to share or steal. Both decisions combined will determine your payoffs:\n<br>-\tIf both of you share, both of you will receive more (800 each).\n<br>-\tIf both of you steal, both of you will receive less (300 credits each)\n<br>-\tBut if one person steals while the other shares, the person who stole will receive more (1,000 credits) at the expense of the person who shared (200 credits).\n\n<br><br>If you share and your partner steals, how many credits will you receive? If you answer wrongly, the study will end. \n<br>","DefaultChoices":false,"DataExportTag":"Q1","QuestionID":"QID2","QuestionType":"MC","Selector":"SAVR","SubSelector":"TX","DataVisibility":{"Private":false,"Hidden":false},"Configuration":{"QuestionDescriptionOption":"UseText"},"QuestionDescription":"Welcome! In this study, we will partner you with another participant. Both of you will play the P...","Choices":{"6":{"Display":"200"},"7":{"Display":"300"},"8":{"Display":"800"},"9":{"Display":"1000"}},"ChoiceOrder":["6","7","8","9"],"Validation":{"Settings":{"ForceResponse":"ON","ForceResponseType":"ON","Type":"None"}},"GradingData":[],"Language":[],"NextChoiceId":10,"NextAnswerId":1,"DynamicChoicesData":[]}},{"SurveyID":"SV_cGYb7o7mkkETHeu","Element":"SQ","PrimaryAttribute":"QID3","SecondaryAttribute":"Success! You are now paired with another participant. Here's a message sent by your partner:\u00a0 \u00a0Hi.","TertiaryAttribute":null,"Payload":{"QuestionText":"Success! You are now paired with another participant. Here's a message sent by your partner:&nbsp;<br>\n<br>\n<span style=\"font-size:32px;\"><span style=\"font-family:Arial,Helvetica,sans-serif;\">&nbsp;Hi there! If both of us share, we'll both be better off! Please share<\/span> \ud83d\ude0a<\/span><br>\n<br>\n<br>\n&nbsp;","DefaultChoices":false,"DataExportTag":"WithEmoji","QuestionID":"QID3","QuestionType":"DB","Selector":"TB","DataVisibility":{"Private":false,"Hidden":false},"Configuration":{"QuestionDescriptionOption":"UseText"},"QuestionDescription":"Success! You are now paired with another participant. Here's a message sent by your partner:\u00a0 \u00a0Hi...","ChoiceOrder":[],"Validation":{"Settings":{"Type":"None"}},"GradingData":[],"Language":[],"NextChoiceId":4,"NextAnswerId":1}},{"SurveyID":"SV_cGYb7o7mkkETHeu","Element":"SQ","PrimaryAttribute":"QID4","SecondaryAttribute":"Success! You are now paired with another participant. Here's a message sent by your partner: \u00a0Hi...","TertiaryAttribute":null,"Payload":{"QuestionText":"Success! You are now paired with another participant. Here's a message sent by your partner:<br>\n<br>\n<span style=\"font-size:16px;\">&nbsp;<\/span><span style=\"font-size:32px;\"><span style=\"font-family:Arial,Helvetica,sans-serif;\">Hi there! If both of us share, we'll both be better off! Please share<\/span><\/span>","DefaultChoices":false,"DataExportTag":"WithoutEmoji","QuestionType":"DB","Selector":"TB","DataVisibility":{"Private":false,"Hidden":false},"Configuration":{"QuestionDescriptionOption":"UseText"},"QuestionDescription":"Success! You are now paired with another participant. Here's a message sent by your partner: \u00a0Hi...","ChoiceOrder":[],"Validation":{"Settings":{"Type":"None"}},"GradingData":[],"Language":[],"NextChoiceId":4,"NextAnswerId":1,"QuestionID":"QID4"}},{"SurveyID":"SV_cGYb7o7mkkETHeu","Element":"SQ","PrimaryAttribute":"QID5","SecondaryAttribute":"Timing","TertiaryAttribute":null,"Payload":{"QuestionText":"Timing","DefaultChoices":false,"DataExportTag":"Q5","QuestionID":"QID5","QuestionType":"Timing","Selector":"PageTimer","DataVisibility":{"Private":false,"Hidden":false},"Configuration":{"QuestionDescriptionOption":"UseText","MinSeconds":"0","MaxSeconds":5},"QuestionDescription":"Timing","Choices":{"1":{"Display":"First Click"},"2":{"Display":"Last Click"},"3":{"Display":"Page Submit"},"4":{"Display":"Click Count"}},"GradingData":[],"Language":[],"NextChoiceId":68,"NextAnswerId":1}},{"SurveyID":"SV_cGYb7o7mkkETHeu","Element":"SQ","PrimaryAttribute":"QID6","SecondaryAttribute":"Pairing... Please wait. \u00a0 \u00a0","TertiaryAttribute":null,"Payload":{"QuestionText":"Pairing... Please wait.<br \/>\n&nbsp;<img src=\"https:\/\/upenn.co1.qualtrics.com\/CP\/Graphic.php?IM=IM_cT6Dct6gpp05MYS\" style=\"width: 630px; height: 637px;\" \/><br \/>\n&nbsp;\n","DefaultChoices":false,"DataExportTag":"Pairing","QuestionType":"DB","Selector":"TB","DataVisibility":{"Private":false,"Hidden":false},"Configuration":{"QuestionDescriptionOption":"UseText"},"QuestionDescription":"Pairing... Please wait. \u00a0 \u00a0","ChoiceOrder":[],"Validation":{"Settings":{"Type":"None"}},"GradingData":[],"Language":[],"NextChoiceId":4,"NextAnswerId":1,"QuestionID":"QID6","QuestionJS":"Qualtrics.SurveyEngine.addOnload(function() {\n    \/\/ Hide the Next button\n    this.hideNextButton();\n});"}},{"SurveyID":"SV_cGYb7o7mkkETHeu","Element":"SQ","PrimaryAttribute":"QID7","SecondaryAttribute":"Your choice is recorded. Thank you for your participation!","TertiaryAttribute":null,"Payload":{"QuestionText":"Your choice is recorded. Thank you for your participation!","DefaultChoices":false,"DataExportTag":"Q7","QuestionType":"DB","Selector":"TB","DataVisibility":{"Private":false,"Hidden":false},"Configuration":{"QuestionDescriptionOption":"UseText"},"QuestionDescription":"Your choice is recorded. Thank you for your participation!","ChoiceOrder":[],"Validation":{"Settings":{"Type":"None"}},"GradingData":[],"Language":[],"NextChoiceId":4,"NextAnswerId":1,"QuestionID":"QID7"}},{"SurveyID":"SV_cGYb7o7mkkETHeu","Element":"SQ","PrimaryAttribute":"QID8","SecondaryAttribute":"Any questions, suggestions, and comments on our pilot survey? We would really appreciate your fee...","TertiaryAttribute":null,"Payload":{"QuestionText":"Any questions, suggestions, and comments on our pilot survey? We would really appreciate your feedback!","DefaultChoices":false,"DataExportTag":"Q8","QuestionType":"TE","Selector":"SL","DataVisibility":{"Private":false,"Hidden":false},"Configuration":{"QuestionDescriptionOption":"UseText"},"QuestionDescription":"Any questions, suggestions, and comments on our pilot survey? We would really appreciate your fee...","Validation":{"Settings":{"ForceResponse":"OFF","Type":"None"}},"GradingData":[],"Language":[],"NextChoiceId":4,"NextAnswerId":1,"SearchSource":{"AllowFreeResponse":"false"},"QuestionID":"QID8"}},{"SurveyID":"SV_cGYb7o7mkkETHeu","Element":"SQ","PrimaryAttribute":"QID9","SecondaryAttribute":"How friendly did you find your partner's message to be on a scale of 1-7? 1 being extremely unfri...","TertiaryAttribute":null,"Payload":{"QuestionText":"How friendly did you find your partner's message to be on a scale of 1-7? 1 being extremely unfriendly, and 7 being extremely friendly.&nbsp;","DefaultChoices":false,"DataExportTag":"Q9","QuestionType":"Slider","Selector":"HSLIDER","DataVisibility":{"Private":false,"Hidden":false},"Configuration":{"QuestionDescriptionOption":"UseText","CSSliderMin":1,"CSSliderMax":7,"GridLines":6,"SnapToGrid":true,"NumDecimals":"0","ShowValue":true,"CustomStart":false,"NotApplicable":false,"MobileFirst":true},"QuestionDescription":"How friendly did you find your partner's message to be on a scale of 1-7? 1 being extremely unfri...","Choices":{"1":{"Display":"Click to write Choice 1"}},"ChoiceOrder":["1"],"Validation":{"Settings":{"ForceResponse":"ON","ForceResponseType":"ON","Type":"None"}},"GradingData":[],"Language":[],"NextChoiceId":4,"NextAnswerId":2,"Labels":[],"QuestionID":"QID9","Answers":{"1":{"Display":1},"2":{"Display":2},"3":{"Display":3},"4":{"Display":4},"5":{"Display":5},"6":{"Display":6},"7":{"Display":7}}}},{"SurveyID":"SV_cGYb7o7mkkETHeu","Element":"STAT","PrimaryAttribute":"Survey Statistics","SecondaryAttribute":null,"TertiaryAttribute":null,"Payload":{"MobileCompatible":false,"ID":"Survey Statistics"}}]}